// !$*UTF8*$!
{
	archiveVersion = 1;
	classes = {
	};
	objectVersion = 46;
	objects = {

/* Begin PBXBuildFile section */
		1C1E52EA1AB32EA0004A690F /* ARTRestAppStatsTest.m in Sources */ = {isa = PBXBuildFile; fileRef = 1C1E52E91AB32EA0004A690F /* ARTRestAppStatsTest.m */; };
		1C1E52EE1AB32EB9004A690F /* ARTRestCapabilityTest.m in Sources */ = {isa = PBXBuildFile; fileRef = 1C1E52ED1AB32EB9004A690F /* ARTRestCapabilityTest.m */; };
		1C1E52F01AB32EC7004A690F /* ARTRestChannelHistoryTest.m in Sources */ = {isa = PBXBuildFile; fileRef = 1C1E52EF1AB32EC7004A690F /* ARTRestChannelHistoryTest.m */; };
		1C1E52F21AB32ED1004A690F /* ARTRestChannelPublishTest.m in Sources */ = {isa = PBXBuildFile; fileRef = 1C1E52F11AB32ED1004A690F /* ARTRestChannelPublishTest.m */; };
		1C1E52F41AB32EDE004A690F /* ARTRestCryptoTest.m in Sources */ = {isa = PBXBuildFile; fileRef = 1C1E52F31AB32EDE004A690F /* ARTRestCryptoTest.m */; };
		1C1E52F61AB32EE6004A690F /* ARTRestPresenceTest.m in Sources */ = {isa = PBXBuildFile; fileRef = 1C1E52F51AB32EE6004A690F /* ARTRestPresenceTest.m */; };
		1C1E52F81AB32EF0004A690F /* ARTRestTokenTest.m in Sources */ = {isa = PBXBuildFile; fileRef = 1C1E52F71AB32EF0004A690F /* ARTRestTokenTest.m */; };
		1C1E52FA1AB35665004A690F /* ARTRestTimeTest.m in Sources */ = {isa = PBXBuildFile; fileRef = 1C1E52F91AB35665004A690F /* ARTRestTimeTest.m */; };
		1C1E53021AB373C5004A690F /* ARTRealtimeChannelTest.m in Sources */ = {isa = PBXBuildFile; fileRef = 1C1E53011AB373C5004A690F /* ARTRealtimeChannelTest.m */; };
		1C52FBA21AB8AF9300F435DE /* ARTRest+Test.m in Sources */ = {isa = PBXBuildFile; fileRef = 1C52FBA11AB8AF9300F435DE /* ARTRest+Test.m */; };
		1C5DA0151A6E5FA400A2B7EF /* ably.framework in Copy Files */ = {isa = PBXBuildFile; fileRef = 96BF61311A35B2AB004CF2B3 /* ably.framework */; settings = {ATTRIBUTES = (CodeSignOnCopy, RemoveHeadersOnCopy, ); }; };
		1CA5E1C21AB72369006ADD70 /* ARTMsgPackEncoder.h in Headers */ = {isa = PBXBuildFile; fileRef = 1CA5E1C01AB72369006ADD70 /* ARTMsgPackEncoder.h */; };
		1CA5E1C31AB72369006ADD70 /* ARTMsgPackEncoder.m in Sources */ = {isa = PBXBuildFile; fileRef = 1CA5E1C11AB72369006ADD70 /* ARTMsgPackEncoder.m */; };
		1CC3D94B1AB6FBB60005BEB0 /* ARTRealtimeChannelHistoryTest.m in Sources */ = {isa = PBXBuildFile; fileRef = 1CC3D94A1AB6FBB60005BEB0 /* ARTRealtimeChannelHistoryTest.m */; };
		1CC3D94D1AB6FE700005BEB0 /* ARTRealtimeConnectTest.m in Sources */ = {isa = PBXBuildFile; fileRef = 1CC3D94C1AB6FE700005BEB0 /* ARTRealtimeConnectTest.m */; };
		1CC3D94F1AB6FECC0005BEB0 /* ARTRealtimeConnectFail.m in Sources */ = {isa = PBXBuildFile; fileRef = 1CC3D94E1AB6FECC0005BEB0 /* ARTRealtimeConnectFail.m */; };
		1CC3D9511AB6FF480005BEB0 /* ARTRealtimeCryptoTest.m in Sources */ = {isa = PBXBuildFile; fileRef = 1CC3D9501AB6FF480005BEB0 /* ARTRealtimeCryptoTest.m */; };
		1CC3D9531AB7001E0005BEB0 /* ARTRealtimeCryptoMessageTest.m in Sources */ = {isa = PBXBuildFile; fileRef = 1CC3D9521AB7001E0005BEB0 /* ARTRealtimeCryptoMessageTest.m */; };
		1CC3D9551AB700680005BEB0 /* ARTRealtimeInitTest.m in Sources */ = {isa = PBXBuildFile; fileRef = 1CC3D9541AB700680005BEB0 /* ARTRealtimeInitTest.m */; };
		1CC3D9571AB700EC0005BEB0 /* ARTRealtimeMessageTest.m in Sources */ = {isa = PBXBuildFile; fileRef = 1CC3D9561AB700EC0005BEB0 /* ARTRealtimeMessageTest.m */; };
		1CC3D9591AB701E50005BEB0 /* ARTRealtimePresenceTest.m in Sources */ = {isa = PBXBuildFile; fileRef = 1CC3D9581AB701E50005BEB0 /* ARTRealtimePresenceTest.m */; };
		1CC3D95B1AB702E30005BEB0 /* ARTRealtimePresenceHistoryTest.m in Sources */ = {isa = PBXBuildFile; fileRef = 1CC3D95A1AB702E30005BEB0 /* ARTRealtimePresenceHistoryTest.m */; };
		1CC3D95D1AB704080005BEB0 /* ARTRealtimeRecoverTest.m in Sources */ = {isa = PBXBuildFile; fileRef = 1CC3D95C1AB704080005BEB0 /* ARTRealtimeRecoverTest.m */; };
		1CC3D95F1AB7043F0005BEB0 /* ARTRealtimeResumeTest.m in Sources */ = {isa = PBXBuildFile; fileRef = 1CC3D95E1AB7043F0005BEB0 /* ARTRealtimeResumeTest.m */; };
		960D07931A45F1D800ED8C8C /* ARTCrypto.h in Headers */ = {isa = PBXBuildFile; fileRef = 960D07911A45F1D800ED8C8C /* ARTCrypto.h */; };
		960D07941A45F1D800ED8C8C /* ARTCrypto.m in Sources */ = {isa = PBXBuildFile; fileRef = 960D07921A45F1D800ED8C8C /* ARTCrypto.m */; };
		960D07971A46FFC300ED8C8C /* ARTRest+Private.h in Headers */ = {isa = PBXBuildFile; fileRef = 960D07951A46FFC300ED8C8C /* ARTRest+Private.h */; };
		961343D81A42E0B7006DC822 /* ARTOptions.h in Headers */ = {isa = PBXBuildFile; fileRef = 961343D61A42E0B7006DC822 /* ARTOptions.h */; };
		961343D91A42E0B7006DC822 /* ARTOptions.m in Sources */ = {isa = PBXBuildFile; fileRef = 961343D71A42E0B7006DC822 /* ARTOptions.m */; };
		961343E81A432E7C006DC822 /* ARTPayload.h in Headers */ = {isa = PBXBuildFile; fileRef = 961343E61A432E7C006DC822 /* ARTPayload.h */; };
		961343E91A432E7C006DC822 /* ARTPayload.m in Sources */ = {isa = PBXBuildFile; fileRef = 961343E71A432E7C006DC822 /* ARTPayload.m */; };
		967A43211A39AEAF00E4CE23 /* NSArray+ARTFunctional.h in Headers */ = {isa = PBXBuildFile; fileRef = 967A431F1A39AEAF00E4CE23 /* NSArray+ARTFunctional.h */; };
		967A43221A39AEAF00E4CE23 /* NSArray+ARTFunctional.m in Sources */ = {isa = PBXBuildFile; fileRef = 967A43201A39AEAF00E4CE23 /* NSArray+ARTFunctional.m */; };
		96A507951A370F860077CDF8 /* ARTStats.h in Headers */ = {isa = PBXBuildFile; fileRef = 96A507931A370F860077CDF8 /* ARTStats.h */; };
		96A507961A370F860077CDF8 /* ARTStats.m in Sources */ = {isa = PBXBuildFile; fileRef = 96A507941A370F860077CDF8 /* ARTStats.m */; };
		96A507991A371E910077CDF8 /* ARTPaginatedResult.h in Headers */ = {isa = PBXBuildFile; fileRef = 96A507971A371E910077CDF8 /* ARTPaginatedResult.h */; };
		96A5079D1A371F800077CDF8 /* ARTHttpPaginatedResult.h in Headers */ = {isa = PBXBuildFile; fileRef = 96A5079B1A371F800077CDF8 /* ARTHttpPaginatedResult.h */; };
		96A5079E1A371F800077CDF8 /* ARTHttpPaginatedResult.m in Sources */ = {isa = PBXBuildFile; fileRef = 96A5079C1A371F800077CDF8 /* ARTHttpPaginatedResult.m */; };
		96A507A11A377AA50077CDF8 /* ARTPresenceMessage.h in Headers */ = {isa = PBXBuildFile; fileRef = 96A5079F1A377AA50077CDF8 /* ARTPresenceMessage.h */; };
		96A507A21A377AA50077CDF8 /* ARTPresenceMessage.m in Sources */ = {isa = PBXBuildFile; fileRef = 96A507A01A377AA50077CDF8 /* ARTPresenceMessage.m */; };
		96A507A51A377DE90077CDF8 /* NSDictionary+ARTDictionaryUtil.h in Headers */ = {isa = PBXBuildFile; fileRef = 96A507A31A377DE90077CDF8 /* NSDictionary+ARTDictionaryUtil.h */; };
		96A507A61A377DE90077CDF8 /* NSDictionary+ARTDictionaryUtil.m in Sources */ = {isa = PBXBuildFile; fileRef = 96A507A41A377DE90077CDF8 /* NSDictionary+ARTDictionaryUtil.m */; };
		96A507A91A37806A0077CDF8 /* ARTEncoder.h in Headers */ = {isa = PBXBuildFile; fileRef = 96A507A71A37806A0077CDF8 /* ARTEncoder.h */; };
		96A507AD1A3780F60077CDF8 /* ARTJsonEncoder.h in Headers */ = {isa = PBXBuildFile; fileRef = 96A507AB1A3780F60077CDF8 /* ARTJsonEncoder.h */; };
		96A507AE1A3780F60077CDF8 /* ARTJsonEncoder.m in Sources */ = {isa = PBXBuildFile; fileRef = 96A507AC1A3780F60077CDF8 /* ARTJsonEncoder.m */; };
		96A507B51A37881C0077CDF8 /* NSDate+ARTUtil.h in Headers */ = {isa = PBXBuildFile; fileRef = 96A507B31A37881C0077CDF8 /* NSDate+ARTUtil.h */; };
		96A507B61A37881C0077CDF8 /* NSDate+ARTUtil.m in Sources */ = {isa = PBXBuildFile; fileRef = 96A507B41A37881C0077CDF8 /* NSDate+ARTUtil.m */; };
		96A507BD1A3791490077CDF8 /* ARTRealtime.h in Headers */ = {isa = PBXBuildFile; fileRef = 96A507BB1A3791490077CDF8 /* ARTRealtime.h */; };
		96A507BE1A3791490077CDF8 /* ARTRealtime.m in Sources */ = {isa = PBXBuildFile; fileRef = 96A507BC1A3791490077CDF8 /* ARTRealtime.m */; };
		96BF61371A35B2AB004CF2B3 /* ably-ios.h in Headers */ = {isa = PBXBuildFile; fileRef = 96BF61361A35B2AB004CF2B3 /* ably-ios.h */; settings = {ATTRIBUTES = (Public, ); }; };
		96BF613D1A35B2AB004CF2B3 /* ably.framework in Frameworks */ = {isa = PBXBuildFile; fileRef = 96BF61311A35B2AB004CF2B3 /* ably.framework */; };
		96BF61531A35B39C004CF2B3 /* ARTRest.h in Headers */ = {isa = PBXBuildFile; fileRef = 96BF61511A35B39C004CF2B3 /* ARTRest.h */; };
		96BF61541A35B39C004CF2B3 /* ARTRest.m in Sources */ = {isa = PBXBuildFile; fileRef = 96BF61521A35B39C004CF2B3 /* ARTRest.m */; };
		96BF61581A35B52C004CF2B3 /* ARTHttp.h in Headers */ = {isa = PBXBuildFile; fileRef = 96BF61561A35B52C004CF2B3 /* ARTHttp.h */; };
		96BF61591A35B52C004CF2B3 /* ARTHttp.m in Sources */ = {isa = PBXBuildFile; fileRef = 96BF61571A35B52C004CF2B3 /* ARTHttp.m */; };
		96BF615B1A35B9ED004CF2B3 /* ARTHttpTest.m in Sources */ = {isa = PBXBuildFile; fileRef = 96BF615A1A35B9ED004CF2B3 /* ARTHttpTest.m */; };
		96BF615E1A35C1C8004CF2B3 /* ARTTypes.h in Headers */ = {isa = PBXBuildFile; fileRef = 96BF615C1A35C1C8004CF2B3 /* ARTTypes.h */; };
		96BF615F1A35C1C8004CF2B3 /* ARTTypes.m in Sources */ = {isa = PBXBuildFile; fileRef = 96BF615D1A35C1C8004CF2B3 /* ARTTypes.m */; };
		96BF61611A35C332004CF2B3 /* ARTRestTest.m in Sources */ = {isa = PBXBuildFile; fileRef = 96BF61601A35C332004CF2B3 /* ARTRestTest.m */; };
		96BF61641A35CDE1004CF2B3 /* ARTMessage.h in Headers */ = {isa = PBXBuildFile; fileRef = 96BF61621A35CDE1004CF2B3 /* ARTMessage.h */; };
		96BF61651A35CDE1004CF2B3 /* ARTMessage.m in Sources */ = {isa = PBXBuildFile; fileRef = 96BF61631A35CDE1004CF2B3 /* ARTMessage.m */; };
		96BF61701A35FB7C004CF2B3 /* ARTAuth.h in Headers */ = {isa = PBXBuildFile; fileRef = 96BF616E1A35FB7C004CF2B3 /* ARTAuth.h */; };
		96BF61711A35FB7C004CF2B3 /* ARTAuth.m in Sources */ = {isa = PBXBuildFile; fileRef = 96BF616F1A35FB7C004CF2B3 /* ARTAuth.m */; };
		96E408361A38595F00087F77 /* ARTRealtimeTest.m in Sources */ = {isa = PBXBuildFile; fileRef = 96E408351A38595F00087F77 /* ARTRealtimeTest.m */; };
		96E4083C1A38622D00087F77 /* ARTTestUtil.m in Sources */ = {isa = PBXBuildFile; fileRef = 96E4083B1A38622D00087F77 /* ARTTestUtil.m */; };
		96E4083F1A3892C700087F77 /* ARTRealtimeTransport.h in Headers */ = {isa = PBXBuildFile; fileRef = 96E4083D1A3892C700087F77 /* ARTRealtimeTransport.h */; };
		96E408431A38939E00087F77 /* ARTProtocolMessage.h in Headers */ = {isa = PBXBuildFile; fileRef = 96E408411A38939E00087F77 /* ARTProtocolMessage.h */; };
		96E408441A38939E00087F77 /* ARTProtocolMessage.m in Sources */ = {isa = PBXBuildFile; fileRef = 96E408421A38939E00087F77 /* ARTProtocolMessage.m */; };
		96E408471A3895E800087F77 /* ARTWebSocketTransport.h in Headers */ = {isa = PBXBuildFile; fileRef = 96E408451A3895E800087F77 /* ARTWebSocketTransport.h */; };
		96E408481A3895E800087F77 /* ARTWebSocketTransport.m in Sources */ = {isa = PBXBuildFile; fileRef = 96E408461A3895E800087F77 /* ARTWebSocketTransport.m */; };
		FC78549C1BCD5688539CCBE4 /* libPods.a in Frameworks */ = {isa = PBXBuildFile; fileRef = FDA6E099E4BC04FC80F845C0 /* libPods.a */; };
/* End PBXBuildFile section */

/* Begin PBXBuildRule section */
		1C5DA0131A6E5F2700A2B7EF /* PBXBuildRule */ = {
			isa = PBXBuildRule;
			compilerSpec = com.apple.compilers.proxy.script;
			fileType = pattern.proxy;
			isEditable = 1;
			outputFiles = (
			);
		};
/* End PBXBuildRule section */

/* Begin PBXContainerItemProxy section */
		96BF613E1A35B2AB004CF2B3 /* PBXContainerItemProxy */ = {
			isa = PBXContainerItemProxy;
			containerPortal = 96BF61281A35B2AB004CF2B3 /* Project object */;
			proxyType = 1;
			remoteGlobalIDString = 96BF61301A35B2AB004CF2B3;
			remoteInfo = "ably-ios";
		};
/* End PBXContainerItemProxy section */

/* Begin PBXCopyFilesBuildPhase section */
		1C5DA0141A6E5F8A00A2B7EF /* Copy Files */ = {
			isa = PBXCopyFilesBuildPhase;
			buildActionMask = 2147483647;
			dstPath = "";
			dstSubfolderSpec = 10;
			files = (
				1C5DA0151A6E5FA400A2B7EF /* ably.framework in Copy Files */,
			);
			name = "Copy Files";
			runOnlyForDeploymentPostprocessing = 0;
		};
/* End PBXCopyFilesBuildPhase section */

/* Begin PBXFileReference section */
		143713CCCD056BDB4C1E070F /* Pods.debug.xcconfig */ = {isa = PBXFileReference; includeInIndex = 1; lastKnownFileType = text.xcconfig; name = Pods.debug.xcconfig; path = "Pods/Target Support Files/Pods/Pods.debug.xcconfig"; sourceTree = "<group>"; };
		1BD00ABE249D4232EB2E44FA /* Pods.release.xcconfig */ = {isa = PBXFileReference; includeInIndex = 1; lastKnownFileType = text.xcconfig; name = Pods.release.xcconfig; path = "Pods/Target Support Files/Pods/Pods.release.xcconfig"; sourceTree = "<group>"; };
		1C1E52E91AB32EA0004A690F /* ARTRestAppStatsTest.m */ = {isa = PBXFileReference; fileEncoding = 4; lastKnownFileType = sourcecode.c.objc; path = ARTRestAppStatsTest.m; sourceTree = "<group>"; };
		1C1E52ED1AB32EB9004A690F /* ARTRestCapabilityTest.m */ = {isa = PBXFileReference; fileEncoding = 4; lastKnownFileType = sourcecode.c.objc; path = ARTRestCapabilityTest.m; sourceTree = "<group>"; };
		1C1E52EF1AB32EC7004A690F /* ARTRestChannelHistoryTest.m */ = {isa = PBXFileReference; fileEncoding = 4; lastKnownFileType = sourcecode.c.objc; path = ARTRestChannelHistoryTest.m; sourceTree = "<group>"; };
		1C1E52F11AB32ED1004A690F /* ARTRestChannelPublishTest.m */ = {isa = PBXFileReference; fileEncoding = 4; lastKnownFileType = sourcecode.c.objc; path = ARTRestChannelPublishTest.m; sourceTree = "<group>"; };
		1C1E52F31AB32EDE004A690F /* ARTRestCryptoTest.m */ = {isa = PBXFileReference; fileEncoding = 4; lastKnownFileType = sourcecode.c.objc; path = ARTRestCryptoTest.m; sourceTree = "<group>"; };
		1C1E52F51AB32EE6004A690F /* ARTRestPresenceTest.m */ = {isa = PBXFileReference; fileEncoding = 4; lastKnownFileType = sourcecode.c.objc; path = ARTRestPresenceTest.m; sourceTree = "<group>"; };
		1C1E52F71AB32EF0004A690F /* ARTRestTokenTest.m */ = {isa = PBXFileReference; fileEncoding = 4; lastKnownFileType = sourcecode.c.objc; path = ARTRestTokenTest.m; sourceTree = "<group>"; };
		1C1E52F91AB35665004A690F /* ARTRestTimeTest.m */ = {isa = PBXFileReference; fileEncoding = 4; lastKnownFileType = sourcecode.c.objc; path = ARTRestTimeTest.m; sourceTree = "<group>"; };
		1C1E53011AB373C5004A690F /* ARTRealtimeChannelTest.m */ = {isa = PBXFileReference; fileEncoding = 4; lastKnownFileType = sourcecode.c.objc; path = ARTRealtimeChannelTest.m; sourceTree = "<group>"; };
		1C52FBA01AB8AF9300F435DE /* ARTRest+Test.h */ = {isa = PBXFileReference; fileEncoding = 4; lastKnownFileType = sourcecode.c.h; path = "ARTRest+Test.h"; sourceTree = "<group>"; };
		1C52FBA11AB8AF9300F435DE /* ARTRest+Test.m */ = {isa = PBXFileReference; fileEncoding = 4; lastKnownFileType = sourcecode.c.objc; path = "ARTRest+Test.m"; sourceTree = "<group>"; };
		1CA5E1C01AB72369006ADD70 /* ARTMsgPackEncoder.h */ = {isa = PBXFileReference; fileEncoding = 4; lastKnownFileType = sourcecode.c.h; path = ARTMsgPackEncoder.h; sourceTree = "<group>"; };
		1CA5E1C11AB72369006ADD70 /* ARTMsgPackEncoder.m */ = {isa = PBXFileReference; fileEncoding = 4; lastKnownFileType = sourcecode.c.objc; path = ARTMsgPackEncoder.m; sourceTree = "<group>"; };
		1CC3D94A1AB6FBB60005BEB0 /* ARTRealtimeChannelHistoryTest.m */ = {isa = PBXFileReference; fileEncoding = 4; lastKnownFileType = sourcecode.c.objc; path = ARTRealtimeChannelHistoryTest.m; sourceTree = "<group>"; };
		1CC3D94C1AB6FE700005BEB0 /* ARTRealtimeConnectTest.m */ = {isa = PBXFileReference; fileEncoding = 4; lastKnownFileType = sourcecode.c.objc; path = ARTRealtimeConnectTest.m; sourceTree = "<group>"; };
		1CC3D94E1AB6FECC0005BEB0 /* ARTRealtimeConnectFail.m */ = {isa = PBXFileReference; fileEncoding = 4; lastKnownFileType = sourcecode.c.objc; path = ARTRealtimeConnectFail.m; sourceTree = "<group>"; };
		1CC3D9501AB6FF480005BEB0 /* ARTRealtimeCryptoTest.m */ = {isa = PBXFileReference; fileEncoding = 4; lastKnownFileType = sourcecode.c.objc; path = ARTRealtimeCryptoTest.m; sourceTree = "<group>"; };
		1CC3D9521AB7001E0005BEB0 /* ARTRealtimeCryptoMessageTest.m */ = {isa = PBXFileReference; fileEncoding = 4; lastKnownFileType = sourcecode.c.objc; path = ARTRealtimeCryptoMessageTest.m; sourceTree = "<group>"; };
		1CC3D9541AB700680005BEB0 /* ARTRealtimeInitTest.m */ = {isa = PBXFileReference; fileEncoding = 4; lastKnownFileType = sourcecode.c.objc; path = ARTRealtimeInitTest.m; sourceTree = "<group>"; };
		1CC3D9561AB700EC0005BEB0 /* ARTRealtimeMessageTest.m */ = {isa = PBXFileReference; fileEncoding = 4; lastKnownFileType = sourcecode.c.objc; path = ARTRealtimeMessageTest.m; sourceTree = "<group>"; };
		1CC3D9581AB701E50005BEB0 /* ARTRealtimePresenceTest.m */ = {isa = PBXFileReference; fileEncoding = 4; lastKnownFileType = sourcecode.c.objc; path = ARTRealtimePresenceTest.m; sourceTree = "<group>"; };
		1CC3D95A1AB702E30005BEB0 /* ARTRealtimePresenceHistoryTest.m */ = {isa = PBXFileReference; fileEncoding = 4; lastKnownFileType = sourcecode.c.objc; path = ARTRealtimePresenceHistoryTest.m; sourceTree = "<group>"; };
		1CC3D95C1AB704080005BEB0 /* ARTRealtimeRecoverTest.m */ = {isa = PBXFileReference; fileEncoding = 4; lastKnownFileType = sourcecode.c.objc; path = ARTRealtimeRecoverTest.m; sourceTree = "<group>"; };
		1CC3D95E1AB7043F0005BEB0 /* ARTRealtimeResumeTest.m */ = {isa = PBXFileReference; fileEncoding = 4; lastKnownFileType = sourcecode.c.objc; path = ARTRealtimeResumeTest.m; sourceTree = "<group>"; };
		960D07911A45F1D800ED8C8C /* ARTCrypto.h */ = {isa = PBXFileReference; fileEncoding = 4; lastKnownFileType = sourcecode.c.h; path = ARTCrypto.h; sourceTree = "<group>"; };
		960D07921A45F1D800ED8C8C /* ARTCrypto.m */ = {isa = PBXFileReference; fileEncoding = 4; lastKnownFileType = sourcecode.c.objc; path = ARTCrypto.m; sourceTree = "<group>"; };
		960D07951A46FFC300ED8C8C /* ARTRest+Private.h */ = {isa = PBXFileReference; fileEncoding = 4; lastKnownFileType = sourcecode.c.h; path = "ARTRest+Private.h"; sourceTree = "<group>"; };
		961343D61A42E0B7006DC822 /* ARTOptions.h */ = {isa = PBXFileReference; fileEncoding = 4; lastKnownFileType = sourcecode.c.h; path = ARTOptions.h; sourceTree = "<group>"; };
		961343D71A42E0B7006DC822 /* ARTOptions.m */ = {isa = PBXFileReference; fileEncoding = 4; lastKnownFileType = sourcecode.c.objc; path = ARTOptions.m; sourceTree = "<group>"; };
		961343E61A432E7C006DC822 /* ARTPayload.h */ = {isa = PBXFileReference; fileEncoding = 4; lastKnownFileType = sourcecode.c.h; path = ARTPayload.h; sourceTree = "<group>"; };
		961343E71A432E7C006DC822 /* ARTPayload.m */ = {isa = PBXFileReference; fileEncoding = 4; lastKnownFileType = sourcecode.c.objc; path = ARTPayload.m; sourceTree = "<group>"; };
		967A431F1A39AEAF00E4CE23 /* NSArray+ARTFunctional.h */ = {isa = PBXFileReference; fileEncoding = 4; lastKnownFileType = sourcecode.c.h; path = "NSArray+ARTFunctional.h"; sourceTree = "<group>"; };
		967A43201A39AEAF00E4CE23 /* NSArray+ARTFunctional.m */ = {isa = PBXFileReference; fileEncoding = 4; lastKnownFileType = sourcecode.c.objc; path = "NSArray+ARTFunctional.m"; sourceTree = "<group>"; };
		96A507931A370F860077CDF8 /* ARTStats.h */ = {isa = PBXFileReference; fileEncoding = 4; lastKnownFileType = sourcecode.c.h; path = ARTStats.h; sourceTree = "<group>"; };
		96A507941A370F860077CDF8 /* ARTStats.m */ = {isa = PBXFileReference; fileEncoding = 4; lastKnownFileType = sourcecode.c.objc; path = ARTStats.m; sourceTree = "<group>"; };
		96A507971A371E910077CDF8 /* ARTPaginatedResult.h */ = {isa = PBXFileReference; fileEncoding = 4; lastKnownFileType = sourcecode.c.h; path = ARTPaginatedResult.h; sourceTree = "<group>"; };
		96A5079B1A371F800077CDF8 /* ARTHttpPaginatedResult.h */ = {isa = PBXFileReference; fileEncoding = 4; lastKnownFileType = sourcecode.c.h; path = ARTHttpPaginatedResult.h; sourceTree = "<group>"; };
		96A5079C1A371F800077CDF8 /* ARTHttpPaginatedResult.m */ = {isa = PBXFileReference; fileEncoding = 4; lastKnownFileType = sourcecode.c.objc; path = ARTHttpPaginatedResult.m; sourceTree = "<group>"; };
		96A5079F1A377AA50077CDF8 /* ARTPresenceMessage.h */ = {isa = PBXFileReference; fileEncoding = 4; lastKnownFileType = sourcecode.c.h; path = ARTPresenceMessage.h; sourceTree = "<group>"; };
		96A507A01A377AA50077CDF8 /* ARTPresenceMessage.m */ = {isa = PBXFileReference; fileEncoding = 4; lastKnownFileType = sourcecode.c.objc; path = ARTPresenceMessage.m; sourceTree = "<group>"; };
		96A507A31A377DE90077CDF8 /* NSDictionary+ARTDictionaryUtil.h */ = {isa = PBXFileReference; fileEncoding = 4; lastKnownFileType = sourcecode.c.h; path = "NSDictionary+ARTDictionaryUtil.h"; sourceTree = "<group>"; };
		96A507A41A377DE90077CDF8 /* NSDictionary+ARTDictionaryUtil.m */ = {isa = PBXFileReference; fileEncoding = 4; lastKnownFileType = sourcecode.c.objc; path = "NSDictionary+ARTDictionaryUtil.m"; sourceTree = "<group>"; };
		96A507A71A37806A0077CDF8 /* ARTEncoder.h */ = {isa = PBXFileReference; fileEncoding = 4; lastKnownFileType = sourcecode.c.h; path = ARTEncoder.h; sourceTree = "<group>"; };
		96A507AB1A3780F60077CDF8 /* ARTJsonEncoder.h */ = {isa = PBXFileReference; fileEncoding = 4; lastKnownFileType = sourcecode.c.h; path = ARTJsonEncoder.h; sourceTree = "<group>"; };
		96A507AC1A3780F60077CDF8 /* ARTJsonEncoder.m */ = {isa = PBXFileReference; fileEncoding = 4; lastKnownFileType = sourcecode.c.objc; path = ARTJsonEncoder.m; sourceTree = "<group>"; };
		96A507B31A37881C0077CDF8 /* NSDate+ARTUtil.h */ = {isa = PBXFileReference; fileEncoding = 4; lastKnownFileType = sourcecode.c.h; path = "NSDate+ARTUtil.h"; sourceTree = "<group>"; };
		96A507B41A37881C0077CDF8 /* NSDate+ARTUtil.m */ = {isa = PBXFileReference; fileEncoding = 4; lastKnownFileType = sourcecode.c.objc; path = "NSDate+ARTUtil.m"; sourceTree = "<group>"; };
		96A507BB1A3791490077CDF8 /* ARTRealtime.h */ = {isa = PBXFileReference; fileEncoding = 4; lastKnownFileType = sourcecode.c.h; path = ARTRealtime.h; sourceTree = "<group>"; };
		96A507BC1A3791490077CDF8 /* ARTRealtime.m */ = {isa = PBXFileReference; fileEncoding = 4; lastKnownFileType = sourcecode.c.objc; path = ARTRealtime.m; sourceTree = "<group>"; };
		96BF61311A35B2AB004CF2B3 /* ably.framework */ = {isa = PBXFileReference; explicitFileType = wrapper.framework; includeInIndex = 0; path = ably.framework; sourceTree = BUILT_PRODUCTS_DIR; };
		96BF61351A35B2AB004CF2B3 /* Info.plist */ = {isa = PBXFileReference; lastKnownFileType = text.plist.xml; path = Info.plist; sourceTree = "<group>"; };
		96BF61361A35B2AB004CF2B3 /* ably-ios.h */ = {isa = PBXFileReference; lastKnownFileType = sourcecode.c.h; path = "ably-ios.h"; sourceTree = "<group>"; };
		96BF613C1A35B2AB004CF2B3 /* ablyTests.xctest */ = {isa = PBXFileReference; explicitFileType = wrapper.cfbundle; includeInIndex = 0; path = ablyTests.xctest; sourceTree = BUILT_PRODUCTS_DIR; };
		96BF61421A35B2AB004CF2B3 /* Info.plist */ = {isa = PBXFileReference; lastKnownFileType = text.plist.xml; path = Info.plist; sourceTree = "<group>"; };
		96BF61511A35B39C004CF2B3 /* ARTRest.h */ = {isa = PBXFileReference; fileEncoding = 4; lastKnownFileType = sourcecode.c.h; path = ARTRest.h; sourceTree = "<group>"; };
		96BF61521A35B39C004CF2B3 /* ARTRest.m */ = {isa = PBXFileReference; fileEncoding = 4; lastKnownFileType = sourcecode.c.objc; path = ARTRest.m; sourceTree = "<group>"; };
		96BF61551A35B40E004CF2B3 /* ARTStatus.h */ = {isa = PBXFileReference; lastKnownFileType = sourcecode.c.h; path = ARTStatus.h; sourceTree = "<group>"; };
		96BF61561A35B52C004CF2B3 /* ARTHttp.h */ = {isa = PBXFileReference; fileEncoding = 4; lastKnownFileType = sourcecode.c.h; path = ARTHttp.h; sourceTree = "<group>"; };
		96BF61571A35B52C004CF2B3 /* ARTHttp.m */ = {isa = PBXFileReference; fileEncoding = 4; lastKnownFileType = sourcecode.c.objc; path = ARTHttp.m; sourceTree = "<group>"; };
		96BF615A1A35B9ED004CF2B3 /* ARTHttpTest.m */ = {isa = PBXFileReference; fileEncoding = 4; lastKnownFileType = sourcecode.c.objc; path = ARTHttpTest.m; sourceTree = "<group>"; };
		96BF615C1A35C1C8004CF2B3 /* ARTTypes.h */ = {isa = PBXFileReference; fileEncoding = 4; lastKnownFileType = sourcecode.c.h; path = ARTTypes.h; sourceTree = "<group>"; };
		96BF615D1A35C1C8004CF2B3 /* ARTTypes.m */ = {isa = PBXFileReference; fileEncoding = 4; lastKnownFileType = sourcecode.c.objc; path = ARTTypes.m; sourceTree = "<group>"; };
		96BF61601A35C332004CF2B3 /* ARTRestTest.m */ = {isa = PBXFileReference; fileEncoding = 4; lastKnownFileType = sourcecode.c.objc; path = ARTRestTest.m; sourceTree = "<group>"; };
		96BF61621A35CDE1004CF2B3 /* ARTMessage.h */ = {isa = PBXFileReference; fileEncoding = 4; lastKnownFileType = sourcecode.c.h; path = ARTMessage.h; sourceTree = "<group>"; };
		96BF61631A35CDE1004CF2B3 /* ARTMessage.m */ = {isa = PBXFileReference; fileEncoding = 4; lastKnownFileType = sourcecode.c.objc; path = ARTMessage.m; sourceTree = "<group>"; };
		96BF616E1A35FB7C004CF2B3 /* ARTAuth.h */ = {isa = PBXFileReference; fileEncoding = 4; lastKnownFileType = sourcecode.c.h; path = ARTAuth.h; sourceTree = "<group>"; };
		96BF616F1A35FB7C004CF2B3 /* ARTAuth.m */ = {isa = PBXFileReference; fileEncoding = 4; lastKnownFileType = sourcecode.c.objc; path = ARTAuth.m; sourceTree = "<group>"; };
		96E408351A38595F00087F77 /* ARTRealtimeTest.m */ = {isa = PBXFileReference; fileEncoding = 4; lastKnownFileType = sourcecode.c.objc; path = ARTRealtimeTest.m; sourceTree = "<group>"; };
		96E4083A1A38622D00087F77 /* ARTTestUtil.h */ = {isa = PBXFileReference; fileEncoding = 4; lastKnownFileType = sourcecode.c.h; path = ARTTestUtil.h; sourceTree = "<group>"; };
		96E4083B1A38622D00087F77 /* ARTTestUtil.m */ = {isa = PBXFileReference; fileEncoding = 4; lastKnownFileType = sourcecode.c.objc; path = ARTTestUtil.m; sourceTree = "<group>"; };
		96E4083D1A3892C700087F77 /* ARTRealtimeTransport.h */ = {isa = PBXFileReference; fileEncoding = 4; lastKnownFileType = sourcecode.c.h; path = ARTRealtimeTransport.h; sourceTree = "<group>"; };
		96E408411A38939E00087F77 /* ARTProtocolMessage.h */ = {isa = PBXFileReference; fileEncoding = 4; lastKnownFileType = sourcecode.c.h; path = ARTProtocolMessage.h; sourceTree = "<group>"; };
		96E408421A38939E00087F77 /* ARTProtocolMessage.m */ = {isa = PBXFileReference; fileEncoding = 4; lastKnownFileType = sourcecode.c.objc; path = ARTProtocolMessage.m; sourceTree = "<group>"; };
		96E408451A3895E800087F77 /* ARTWebSocketTransport.h */ = {isa = PBXFileReference; fileEncoding = 4; lastKnownFileType = sourcecode.c.h; path = ARTWebSocketTransport.h; sourceTree = "<group>"; };
		96E408461A3895E800087F77 /* ARTWebSocketTransport.m */ = {isa = PBXFileReference; fileEncoding = 4; lastKnownFileType = sourcecode.c.objc; path = ARTWebSocketTransport.m; sourceTree = "<group>"; };
		FDA6E099E4BC04FC80F845C0 /* libPods.a */ = {isa = PBXFileReference; explicitFileType = archive.ar; includeInIndex = 0; path = libPods.a; sourceTree = BUILT_PRODUCTS_DIR; };
/* End PBXFileReference section */

/* Begin PBXFrameworksBuildPhase section */
		96BF612D1A35B2AB004CF2B3 /* Frameworks */ = {
			isa = PBXFrameworksBuildPhase;
			buildActionMask = 2147483647;
			files = (
				FC78549C1BCD5688539CCBE4 /* libPods.a in Frameworks */,
			);
			runOnlyForDeploymentPostprocessing = 0;
		};
		96BF61391A35B2AB004CF2B3 /* Frameworks */ = {
			isa = PBXFrameworksBuildPhase;
			buildActionMask = 2147483647;
			files = (
				96BF613D1A35B2AB004CF2B3 /* ably.framework in Frameworks */,
			);
			runOnlyForDeploymentPostprocessing = 0;
		};
/* End PBXFrameworksBuildPhase section */

/* Begin PBXGroup section */
		1C1E52E71AB32E69004A690F /* rest */ = {
			isa = PBXGroup;
			children = (
				1C1E52E91AB32EA0004A690F /* ARTRestAppStatsTest.m */,
				1C1E52ED1AB32EB9004A690F /* ARTRestCapabilityTest.m */,
				1C1E52EF1AB32EC7004A690F /* ARTRestChannelHistoryTest.m */,
				1C1E52F11AB32ED1004A690F /* ARTRestChannelPublishTest.m */,
				1C1E52F31AB32EDE004A690F /* ARTRestCryptoTest.m */,
				1C1E52F51AB32EE6004A690F /* ARTRestPresenceTest.m */,
				1C1E52F71AB32EF0004A690F /* ARTRestTokenTest.m */,
				1C1E52F91AB35665004A690F /* ARTRestTimeTest.m */,
			);
			name = rest;
			sourceTree = "<group>";
		};
		1C1E52E81AB32E6E004A690F /* realtime */ = {
			isa = PBXGroup;
			children = (
				1C1E53011AB373C5004A690F /* ARTRealtimeChannelTest.m */,
				1CC3D94A1AB6FBB60005BEB0 /* ARTRealtimeChannelHistoryTest.m */,
				1CC3D94C1AB6FE700005BEB0 /* ARTRealtimeConnectTest.m */,
				1CC3D94E1AB6FECC0005BEB0 /* ARTRealtimeConnectFail.m */,
				1CC3D9501AB6FF480005BEB0 /* ARTRealtimeCryptoTest.m */,
				1CC3D9521AB7001E0005BEB0 /* ARTRealtimeCryptoMessageTest.m */,
				1CC3D9541AB700680005BEB0 /* ARTRealtimeInitTest.m */,
				1CC3D9561AB700EC0005BEB0 /* ARTRealtimeMessageTest.m */,
				1CC3D9581AB701E50005BEB0 /* ARTRealtimePresenceTest.m */,
				1CC3D95A1AB702E30005BEB0 /* ARTRealtimePresenceHistoryTest.m */,
				1CC3D95C1AB704080005BEB0 /* ARTRealtimeRecoverTest.m */,
				1CC3D95E1AB7043F0005BEB0 /* ARTRealtimeResumeTest.m */,
			);
			name = realtime;
			sourceTree = "<group>";
		};
		96BF61271A35B2AB004CF2B3 = {
			isa = PBXGroup;
			children = (
				96BF61331A35B2AB004CF2B3 /* ably-ios */,
				96BF61401A35B2AB004CF2B3 /* ably-iosTests */,
				96BF61321A35B2AB004CF2B3 /* Products */,
				B7FA72C0B06CA0A207042965 /* Pods */,
				FAFEC5BB8312EB69E84C28D4 /* Frameworks */,
			);
			sourceTree = "<group>";
		};
		96BF61321A35B2AB004CF2B3 /* Products */ = {
			isa = PBXGroup;
			children = (
				96BF61311A35B2AB004CF2B3 /* ably.framework */,
				96BF613C1A35B2AB004CF2B3 /* ablyTests.xctest */,
			);
			name = Products;
			sourceTree = "<group>";
		};
		96BF61331A35B2AB004CF2B3 /* ably-ios */ = {
			isa = PBXGroup;
			children = (
				96BF61361A35B2AB004CF2B3 /* ably-ios.h */,
				96BF61341A35B2AB004CF2B3 /* Supporting Files */,
				96BF61511A35B39C004CF2B3 /* ARTRest.h */,
				96BF61521A35B39C004CF2B3 /* ARTRest.m */,
				96BF61551A35B40E004CF2B3 /* ARTStatus.h */,
				96BF61561A35B52C004CF2B3 /* ARTHttp.h */,
				96BF61571A35B52C004CF2B3 /* ARTHttp.m */,
				96BF615C1A35C1C8004CF2B3 /* ARTTypes.h */,
				96BF615D1A35C1C8004CF2B3 /* ARTTypes.m */,
				96BF61621A35CDE1004CF2B3 /* ARTMessage.h */,
				96BF61631A35CDE1004CF2B3 /* ARTMessage.m */,
				96BF616E1A35FB7C004CF2B3 /* ARTAuth.h */,
				96BF616F1A35FB7C004CF2B3 /* ARTAuth.m */,
				96A507931A370F860077CDF8 /* ARTStats.h */,
				96A507941A370F860077CDF8 /* ARTStats.m */,
				96A507971A371E910077CDF8 /* ARTPaginatedResult.h */,
				96A5079B1A371F800077CDF8 /* ARTHttpPaginatedResult.h */,
				96A5079C1A371F800077CDF8 /* ARTHttpPaginatedResult.m */,
				96A5079F1A377AA50077CDF8 /* ARTPresenceMessage.h */,
				96A507A01A377AA50077CDF8 /* ARTPresenceMessage.m */,
				96A507A31A377DE90077CDF8 /* NSDictionary+ARTDictionaryUtil.h */,
				96A507A41A377DE90077CDF8 /* NSDictionary+ARTDictionaryUtil.m */,
				96A507A71A37806A0077CDF8 /* ARTEncoder.h */,
				96A507AB1A3780F60077CDF8 /* ARTJsonEncoder.h */,
				96A507AC1A3780F60077CDF8 /* ARTJsonEncoder.m */,
				96A507B31A37881C0077CDF8 /* NSDate+ARTUtil.h */,
				96A507B41A37881C0077CDF8 /* NSDate+ARTUtil.m */,
				96A507BB1A3791490077CDF8 /* ARTRealtime.h */,
				96A507BC1A3791490077CDF8 /* ARTRealtime.m */,
				96E4083D1A3892C700087F77 /* ARTRealtimeTransport.h */,
				96E408411A38939E00087F77 /* ARTProtocolMessage.h */,
				96E408421A38939E00087F77 /* ARTProtocolMessage.m */,
				96E408451A3895E800087F77 /* ARTWebSocketTransport.h */,
				96E408461A3895E800087F77 /* ARTWebSocketTransport.m */,
				967A431F1A39AEAF00E4CE23 /* NSArray+ARTFunctional.h */,
				967A43201A39AEAF00E4CE23 /* NSArray+ARTFunctional.m */,
				961343D61A42E0B7006DC822 /* ARTOptions.h */,
				961343D71A42E0B7006DC822 /* ARTOptions.m */,
				961343E61A432E7C006DC822 /* ARTPayload.h */,
				961343E71A432E7C006DC822 /* ARTPayload.m */,
				960D07911A45F1D800ED8C8C /* ARTCrypto.h */,
				960D07921A45F1D800ED8C8C /* ARTCrypto.m */,
				960D07951A46FFC300ED8C8C /* ARTRest+Private.h */,
				1CA5E1C01AB72369006ADD70 /* ARTMsgPackEncoder.h */,
				1CA5E1C11AB72369006ADD70 /* ARTMsgPackEncoder.m */,
			);
			path = "ably-ios";
			sourceTree = "<group>";
		};
		96BF61341A35B2AB004CF2B3 /* Supporting Files */ = {
			isa = PBXGroup;
			children = (
				96BF61351A35B2AB004CF2B3 /* Info.plist */,
			);
			name = "Supporting Files";
			sourceTree = "<group>";
		};
		96BF61401A35B2AB004CF2B3 /* ably-iosTests */ = {
			isa = PBXGroup;
			children = (
				1C1E52E81AB32E6E004A690F /* realtime */,
				1C1E52E71AB32E69004A690F /* rest */,
				96BF61411A35B2AB004CF2B3 /* Supporting Files */,
				96BF615A1A35B9ED004CF2B3 /* ARTHttpTest.m */,
				96BF61601A35C332004CF2B3 /* ARTRestTest.m */,
				96E408351A38595F00087F77 /* ARTRealtimeTest.m */,
				96E4083A1A38622D00087F77 /* ARTTestUtil.h */,
				96E4083B1A38622D00087F77 /* ARTTestUtil.m */,
				1C52FBA01AB8AF9300F435DE /* ARTRest+Test.h */,
				1C52FBA11AB8AF9300F435DE /* ARTRest+Test.m */,
			);
			path = "ably-iosTests";
			sourceTree = "<group>";
		};
		96BF61411A35B2AB004CF2B3 /* Supporting Files */ = {
			isa = PBXGroup;
			children = (
				96BF61421A35B2AB004CF2B3 /* Info.plist */,
			);
			name = "Supporting Files";
			sourceTree = "<group>";
		};
		B7FA72C0B06CA0A207042965 /* Pods */ = {
			isa = PBXGroup;
			children = (
				143713CCCD056BDB4C1E070F /* Pods.debug.xcconfig */,
				1BD00ABE249D4232EB2E44FA /* Pods.release.xcconfig */,
			);
			name = Pods;
			sourceTree = "<group>";
		};
		FAFEC5BB8312EB69E84C28D4 /* Frameworks */ = {
			isa = PBXGroup;
			children = (
				FDA6E099E4BC04FC80F845C0 /* libPods.a */,
			);
			name = Frameworks;
			sourceTree = "<group>";
		};
/* End PBXGroup section */

/* Begin PBXHeadersBuildPhase section */
		96BF612E1A35B2AB004CF2B3 /* Headers */ = {
			isa = PBXHeadersBuildPhase;
			buildActionMask = 2147483647;
			files = (
				961343D81A42E0B7006DC822 /* ARTOptions.h in Headers */,
				96E408431A38939E00087F77 /* ARTProtocolMessage.h in Headers */,
				96BF615E1A35C1C8004CF2B3 /* ARTTypes.h in Headers */,
				967A43211A39AEAF00E4CE23 /* NSArray+ARTFunctional.h in Headers */,
				96E408471A3895E800087F77 /* ARTWebSocketTransport.h in Headers */,
				96BF61581A35B52C004CF2B3 /* ARTHttp.h in Headers */,
				961343E81A432E7C006DC822 /* ARTPayload.h in Headers */,
				96BF61641A35CDE1004CF2B3 /* ARTMessage.h in Headers */,
				96E4083F1A3892C700087F77 /* ARTRealtimeTransport.h in Headers */,
				960D07971A46FFC300ED8C8C /* ARTRest+Private.h in Headers */,
				96A507B51A37881C0077CDF8 /* NSDate+ARTUtil.h in Headers */,
				96A507A91A37806A0077CDF8 /* ARTEncoder.h in Headers */,
				96BF61531A35B39C004CF2B3 /* ARTRest.h in Headers */,
				96BF61701A35FB7C004CF2B3 /* ARTAuth.h in Headers */,
				1CA5E1C21AB72369006ADD70 /* ARTMsgPackEncoder.h in Headers */,
				96A507A51A377DE90077CDF8 /* NSDictionary+ARTDictionaryUtil.h in Headers */,
				96A507991A371E910077CDF8 /* ARTPaginatedResult.h in Headers */,
				96A507AD1A3780F60077CDF8 /* ARTJsonEncoder.h in Headers */,
				96A5079D1A371F800077CDF8 /* ARTHttpPaginatedResult.h in Headers */,
				96A507951A370F860077CDF8 /* ARTStats.h in Headers */,
				96A507A11A377AA50077CDF8 /* ARTPresenceMessage.h in Headers */,
				96A507BD1A3791490077CDF8 /* ARTRealtime.h in Headers */,
				960D07931A45F1D800ED8C8C /* ARTCrypto.h in Headers */,
				96BF61371A35B2AB004CF2B3 /* ably-ios.h in Headers */,
			);
			runOnlyForDeploymentPostprocessing = 0;
		};
/* End PBXHeadersBuildPhase section */

/* Begin PBXNativeTarget section */
		96BF61301A35B2AB004CF2B3 /* ably */ = {
			isa = PBXNativeTarget;
			buildConfigurationList = 96BF61471A35B2AB004CF2B3 /* Build configuration list for PBXNativeTarget "ably" */;
			buildPhases = (
				79FE055B54B0AB6FDAB24FCE /* Check Pods Manifest.lock */,
				96BF612C1A35B2AB004CF2B3 /* Sources */,
				96BF612D1A35B2AB004CF2B3 /* Frameworks */,
				96BF612E1A35B2AB004CF2B3 /* Headers */,
				96BF612F1A35B2AB004CF2B3 /* Resources */,
				17871E0C58339F622094F645 /* Copy Pods Resources */,
			);
			buildRules = (
			);
			dependencies = (
			);
			name = ably;
			productName = "ably-ios";
			productReference = 96BF61311A35B2AB004CF2B3 /* ably.framework */;
			productType = "com.apple.product-type.framework";
		};
		96BF613B1A35B2AB004CF2B3 /* ablyTests */ = {
			isa = PBXNativeTarget;
			buildConfigurationList = 96BF614A1A35B2AB004CF2B3 /* Build configuration list for PBXNativeTarget "ablyTests" */;
			buildPhases = (
				96BF61381A35B2AB004CF2B3 /* Sources */,
				96BF61391A35B2AB004CF2B3 /* Frameworks */,
				96BF613A1A35B2AB004CF2B3 /* Resources */,
				1C5DA0141A6E5F8A00A2B7EF /* Copy Files */,
			);
			buildRules = (
				1C5DA0131A6E5F2700A2B7EF /* PBXBuildRule */,
			);
			dependencies = (
				96BF613F1A35B2AB004CF2B3 /* PBXTargetDependency */,
			);
			name = ablyTests;
			productName = "ably-iosTests";
			productReference = 96BF613C1A35B2AB004CF2B3 /* ablyTests.xctest */;
			productType = "com.apple.product-type.bundle.unit-test";
		};
/* End PBXNativeTarget section */

/* Begin PBXProject section */
		96BF61281A35B2AB004CF2B3 /* Project object */ = {
			isa = PBXProject;
			attributes = {
				CLASSPREFIX = ART;
				LastUpgradeCheck = 0610;
				ORGANIZATIONNAME = Ably;
				TargetAttributes = {
					96BF61301A35B2AB004CF2B3 = {
						CreatedOnToolsVersion = 6.1.1;
					};
					96BF613B1A35B2AB004CF2B3 = {
						CreatedOnToolsVersion = 6.1.1;
					};
				};
			};
			buildConfigurationList = 96BF612B1A35B2AB004CF2B3 /* Build configuration list for PBXProject "ably-ios" */;
			compatibilityVersion = "Xcode 3.2";
			developmentRegion = English;
			hasScannedForEncodings = 0;
			knownRegions = (
				en,
			);
			mainGroup = 96BF61271A35B2AB004CF2B3;
			productRefGroup = 96BF61321A35B2AB004CF2B3 /* Products */;
			projectDirPath = "";
			projectRoot = "";
			targets = (
				96BF61301A35B2AB004CF2B3 /* ably */,
				96BF613B1A35B2AB004CF2B3 /* ablyTests */,
			);
		};
/* End PBXProject section */

/* Begin PBXResourcesBuildPhase section */
		96BF612F1A35B2AB004CF2B3 /* Resources */ = {
			isa = PBXResourcesBuildPhase;
			buildActionMask = 2147483647;
			files = (
			);
			runOnlyForDeploymentPostprocessing = 0;
		};
		96BF613A1A35B2AB004CF2B3 /* Resources */ = {
			isa = PBXResourcesBuildPhase;
			buildActionMask = 2147483647;
			files = (
			);
			runOnlyForDeploymentPostprocessing = 0;
		};
/* End PBXResourcesBuildPhase section */

/* Begin PBXShellScriptBuildPhase section */
		17871E0C58339F622094F645 /* Copy Pods Resources */ = {
			isa = PBXShellScriptBuildPhase;
			buildActionMask = 2147483647;
			files = (
			);
			inputPaths = (
			);
			name = "Copy Pods Resources";
			outputPaths = (
			);
			runOnlyForDeploymentPostprocessing = 0;
			shellPath = /bin/sh;
			shellScript = "\"${SRCROOT}/Pods/Target Support Files/Pods/Pods-resources.sh\"\n";
			showEnvVarsInLog = 0;
		};
		79FE055B54B0AB6FDAB24FCE /* Check Pods Manifest.lock */ = {
			isa = PBXShellScriptBuildPhase;
			buildActionMask = 2147483647;
			files = (
			);
			inputPaths = (
			);
			name = "Check Pods Manifest.lock";
			outputPaths = (
			);
			runOnlyForDeploymentPostprocessing = 0;
			shellPath = /bin/sh;
			shellScript = "diff \"${PODS_ROOT}/../Podfile.lock\" \"${PODS_ROOT}/Manifest.lock\" > /dev/null\nif [[ $? != 0 ]] ; then\n    cat << EOM\nerror: The sandbox is not in sync with the Podfile.lock. Run 'pod install' or update your CocoaPods installation.\nEOM\n    exit 1\nfi\n";
			showEnvVarsInLog = 0;
		};
/* End PBXShellScriptBuildPhase section */

/* Begin PBXSourcesBuildPhase section */
		96BF612C1A35B2AB004CF2B3 /* Sources */ = {
			isa = PBXSourcesBuildPhase;
			buildActionMask = 2147483647;
			files = (
				96A507A21A377AA50077CDF8 /* ARTPresenceMessage.m in Sources */,
				96BF61541A35B39C004CF2B3 /* ARTRest.m in Sources */,
				961343E91A432E7C006DC822 /* ARTPayload.m in Sources */,
				960D07941A45F1D800ED8C8C /* ARTCrypto.m in Sources */,
				96BF61591A35B52C004CF2B3 /* ARTHttp.m in Sources */,
				96A507B61A37881C0077CDF8 /* NSDate+ARTUtil.m in Sources */,
				961343D91A42E0B7006DC822 /* ARTOptions.m in Sources */,
				96BF615F1A35C1C8004CF2B3 /* ARTTypes.m in Sources */,
				96A507AE1A3780F60077CDF8 /* ARTJsonEncoder.m in Sources */,
				96A507961A370F860077CDF8 /* ARTStats.m in Sources */,
				96E408481A3895E800087F77 /* ARTWebSocketTransport.m in Sources */,
				96BF61711A35FB7C004CF2B3 /* ARTAuth.m in Sources */,
				96E408441A38939E00087F77 /* ARTProtocolMessage.m in Sources */,
				96BF61651A35CDE1004CF2B3 /* ARTMessage.m in Sources */,
				1CA5E1C31AB72369006ADD70 /* ARTMsgPackEncoder.m in Sources */,
				96A5079E1A371F800077CDF8 /* ARTHttpPaginatedResult.m in Sources */,
				96A507BE1A3791490077CDF8 /* ARTRealtime.m in Sources */,
				967A43221A39AEAF00E4CE23 /* NSArray+ARTFunctional.m in Sources */,
				96A507A61A377DE90077CDF8 /* NSDictionary+ARTDictionaryUtil.m in Sources */,
			);
			runOnlyForDeploymentPostprocessing = 0;
		};
		96BF61381A35B2AB004CF2B3 /* Sources */ = {
			isa = PBXSourcesBuildPhase;
			buildActionMask = 2147483647;
			files = (
				96E4083C1A38622D00087F77 /* ARTTestUtil.m in Sources */,
				1C1E52EE1AB32EB9004A690F /* ARTRestCapabilityTest.m in Sources */,
				1C1E52F01AB32EC7004A690F /* ARTRestChannelHistoryTest.m in Sources */,
				1C52FBA21AB8AF9300F435DE /* ARTRest+Test.m in Sources */,
				96BF61611A35C332004CF2B3 /* ARTRestTest.m in Sources */,
				1CC3D94F1AB6FECC0005BEB0 /* ARTRealtimeConnectFail.m in Sources */,
				1CC3D9591AB701E50005BEB0 /* ARTRealtimePresenceTest.m in Sources */,
				1CC3D9511AB6FF480005BEB0 /* ARTRealtimeCryptoTest.m in Sources */,
				96E408361A38595F00087F77 /* ARTRealtimeTest.m in Sources */,
				96BF615B1A35B9ED004CF2B3 /* ARTHttpTest.m in Sources */,
				1CC3D95B1AB702E30005BEB0 /* ARTRealtimePresenceHistoryTest.m in Sources */,
				1CC3D94D1AB6FE700005BEB0 /* ARTRealtimeConnectTest.m in Sources */,
				1CC3D9551AB700680005BEB0 /* ARTRealtimeInitTest.m in Sources */,
				1C1E52EA1AB32EA0004A690F /* ARTRestAppStatsTest.m in Sources */,
				1CC3D9531AB7001E0005BEB0 /* ARTRealtimeCryptoMessageTest.m in Sources */,
				1C1E52FA1AB35665004A690F /* ARTRestTimeTest.m in Sources */,
				1C1E52F41AB32EDE004A690F /* ARTRestCryptoTest.m in Sources */,
				1CC3D94B1AB6FBB60005BEB0 /* ARTRealtimeChannelHistoryTest.m in Sources */,
				1CC3D95F1AB7043F0005BEB0 /* ARTRealtimeResumeTest.m in Sources */,
				1C1E52F81AB32EF0004A690F /* ARTRestTokenTest.m in Sources */,
				1CC3D95D1AB704080005BEB0 /* ARTRealtimeRecoverTest.m in Sources */,
				1C1E52F61AB32EE6004A690F /* ARTRestPresenceTest.m in Sources */,
				1C1E53021AB373C5004A690F /* ARTRealtimeChannelTest.m in Sources */,
				1CC3D9571AB700EC0005BEB0 /* ARTRealtimeMessageTest.m in Sources */,
				1C1E52F21AB32ED1004A690F /* ARTRestChannelPublishTest.m in Sources */,
			);
			runOnlyForDeploymentPostprocessing = 0;
		};
/* End PBXSourcesBuildPhase section */

/* Begin PBXTargetDependency section */
		96BF613F1A35B2AB004CF2B3 /* PBXTargetDependency */ = {
			isa = PBXTargetDependency;
			target = 96BF61301A35B2AB004CF2B3 /* ably */;
			targetProxy = 96BF613E1A35B2AB004CF2B3 /* PBXContainerItemProxy */;
		};
/* End PBXTargetDependency section */

/* Begin XCBuildConfiguration section */
		96BF61451A35B2AB004CF2B3 /* Debug */ = {
			isa = XCBuildConfiguration;
			buildSettings = {
				ALWAYS_SEARCH_USER_PATHS = NO;
				CLANG_CXX_LANGUAGE_STANDARD = "gnu++0x";
				CLANG_CXX_LIBRARY = "libc++";
				CLANG_ENABLE_MODULES = YES;
				CLANG_ENABLE_OBJC_ARC = YES;
				CLANG_WARN_BOOL_CONVERSION = YES;
				CLANG_WARN_CONSTANT_CONVERSION = YES;
				CLANG_WARN_DIRECT_OBJC_ISA_USAGE = YES_ERROR;
				CLANG_WARN_EMPTY_BODY = YES;
				CLANG_WARN_ENUM_CONVERSION = YES;
				CLANG_WARN_INT_CONVERSION = YES;
				CLANG_WARN_OBJC_ROOT_CLASS = YES_ERROR;
				CLANG_WARN_UNREACHABLE_CODE = YES;
				CLANG_WARN__DUPLICATE_METHOD_MATCH = YES;
				"CODE_SIGN_IDENTITY[sdk=iphoneos*]" = "iPhone Developer";
				COPY_PHASE_STRIP = NO;
				CURRENT_PROJECT_VERSION = 1;
				ENABLE_STRICT_OBJC_MSGSEND = YES;
				GCC_C_LANGUAGE_STANDARD = gnu99;
				GCC_DYNAMIC_NO_PIC = NO;
				GCC_OPTIMIZATION_LEVEL = 0;
				GCC_PREPROCESSOR_DEFINITIONS = (
					"DEBUG=1",
					"$(inherited)",
				);
				GCC_SYMBOLS_PRIVATE_EXTERN = NO;
				GCC_WARN_64_TO_32_BIT_CONVERSION = YES;
				GCC_WARN_ABOUT_RETURN_TYPE = YES_ERROR;
				GCC_WARN_UNDECLARED_SELECTOR = YES;
				GCC_WARN_UNINITIALIZED_AUTOS = YES_AGGRESSIVE;
				GCC_WARN_UNUSED_FUNCTION = YES;
				GCC_WARN_UNUSED_VARIABLE = YES;
				IPHONEOS_DEPLOYMENT_TARGET = 7.1;
				MTL_ENABLE_DEBUG_INFO = YES;
				ONLY_ACTIVE_ARCH = YES;
				SDKROOT = iphoneos;
				TARGETED_DEVICE_FAMILY = "1,2";
				VERSIONING_SYSTEM = "apple-generic";
				VERSION_INFO_PREFIX = "";
			};
			name = Debug;
		};
		96BF61461A35B2AB004CF2B3 /* Release */ = {
			isa = XCBuildConfiguration;
			buildSettings = {
				ALWAYS_SEARCH_USER_PATHS = NO;
				CLANG_CXX_LANGUAGE_STANDARD = "gnu++0x";
				CLANG_CXX_LIBRARY = "libc++";
				CLANG_ENABLE_MODULES = YES;
				CLANG_ENABLE_OBJC_ARC = YES;
				CLANG_WARN_BOOL_CONVERSION = YES;
				CLANG_WARN_CONSTANT_CONVERSION = YES;
				CLANG_WARN_DIRECT_OBJC_ISA_USAGE = YES_ERROR;
				CLANG_WARN_EMPTY_BODY = YES;
				CLANG_WARN_ENUM_CONVERSION = YES;
				CLANG_WARN_INT_CONVERSION = YES;
				CLANG_WARN_OBJC_ROOT_CLASS = YES_ERROR;
				CLANG_WARN_UNREACHABLE_CODE = YES;
				CLANG_WARN__DUPLICATE_METHOD_MATCH = YES;
				"CODE_SIGN_IDENTITY[sdk=iphoneos*]" = "iPhone Developer";
				COPY_PHASE_STRIP = YES;
				CURRENT_PROJECT_VERSION = 1;
				ENABLE_NS_ASSERTIONS = NO;
				ENABLE_STRICT_OBJC_MSGSEND = YES;
				GCC_C_LANGUAGE_STANDARD = gnu99;
				GCC_WARN_64_TO_32_BIT_CONVERSION = YES;
				GCC_WARN_ABOUT_RETURN_TYPE = YES_ERROR;
				GCC_WARN_UNDECLARED_SELECTOR = YES;
				GCC_WARN_UNINITIALIZED_AUTOS = YES_AGGRESSIVE;
				GCC_WARN_UNUSED_FUNCTION = YES;
				GCC_WARN_UNUSED_VARIABLE = YES;
				IPHONEOS_DEPLOYMENT_TARGET = 7.1;
				MTL_ENABLE_DEBUG_INFO = NO;
				SDKROOT = iphoneos;
				TARGETED_DEVICE_FAMILY = "1,2";
				VALIDATE_PRODUCT = YES;
				VERSIONING_SYSTEM = "apple-generic";
				VERSION_INFO_PREFIX = "";
			};
			name = Release;
		};
		96BF61481A35B2AB004CF2B3 /* Debug */ = {
			isa = XCBuildConfiguration;
			baseConfigurationReference = 143713CCCD056BDB4C1E070F /* Pods.debug.xcconfig */;
			buildSettings = {
				DEFINES_MODULE = YES;
				DYLIB_COMPATIBILITY_VERSION = 1;
				DYLIB_CURRENT_VERSION = 1;
				DYLIB_INSTALL_NAME_BASE = "@rpath";
				INFOPLIST_FILE = "ably-ios/Info.plist";
				INSTALL_PATH = "$(LOCAL_LIBRARY_DIR)/Frameworks";
				LD_RUNPATH_SEARCH_PATHS = "$(inherited) @executable_path/Frameworks @loader_path/Frameworks";
				PRODUCT_NAME = "$(TARGET_NAME)";
				SKIP_INSTALL = YES;
			};
			name = Debug;
		};
		96BF61491A35B2AB004CF2B3 /* Release */ = {
			isa = XCBuildConfiguration;
			baseConfigurationReference = 1BD00ABE249D4232EB2E44FA /* Pods.release.xcconfig */;
			buildSettings = {
				DEFINES_MODULE = YES;
				DYLIB_COMPATIBILITY_VERSION = 1;
				DYLIB_CURRENT_VERSION = 1;
				DYLIB_INSTALL_NAME_BASE = "@rpath";
				INFOPLIST_FILE = "ably-ios/Info.plist";
				INSTALL_PATH = "$(LOCAL_LIBRARY_DIR)/Frameworks";
				LD_RUNPATH_SEARCH_PATHS = "$(inherited) @executable_path/Frameworks @loader_path/Frameworks";
				PRODUCT_NAME = "$(TARGET_NAME)";
				SKIP_INSTALL = YES;
			};
			name = Release;
		};
		96BF614B1A35B2AB004CF2B3 /* Debug */ = {
			isa = XCBuildConfiguration;
			buildSettings = {
				FRAMEWORK_SEARCH_PATHS = (
					"$(SDKROOT)/Developer/Library/Frameworks",
					"$(inherited)",
				);
				GCC_PREPROCESSOR_DEFINITIONS = (
					"DEBUG=1",
					"$(inherited)",
				);
				INFOPLIST_FILE = "ably-iosTests/Info.plist";
				LD_RUNPATH_SEARCH_PATHS = "$(inherited) @executable_path/Frameworks @loader_path/Frameworks";
				PRODUCT_NAME = "$(TARGET_NAME)";
			};
			name = Debug;
		};
		96BF614C1A35B2AB004CF2B3 /* Release */ = {
			isa = XCBuildConfiguration;
			buildSettings = {
				FRAMEWORK_SEARCH_PATHS = (
					"$(SDKROOT)/Developer/Library/Frameworks",
					"$(inherited)",
				);
				INFOPLIST_FILE = "ably-iosTests/Info.plist";
				LD_RUNPATH_SEARCH_PATHS = "$(inherited) @executable_path/Frameworks @loader_path/Frameworks";
				PRODUCT_NAME = "$(TARGET_NAME)";
			};
			name = Release;
		};
/* End XCBuildConfiguration section */

/* Begin XCConfigurationList section */
		96BF612B1A35B2AB004CF2B3 /* Build configuration list for PBXProject "ably-ios" */ = {
			isa = XCConfigurationList;
			buildConfigurations = (
				96BF61451A35B2AB004CF2B3 /* Debug */,
				96BF61461A35B2AB004CF2B3 /* Release */,
			);
			defaultConfigurationIsVisible = 0;
			defaultConfigurationName = Release;
		};
		96BF61471A35B2AB004CF2B3 /* Build configuration list for PBXNativeTarget "ably" */ = {
			isa = XCConfigurationList;
			buildConfigurations = (
				96BF61481A35B2AB004CF2B3 /* Debug */,
				96BF61491A35B2AB004CF2B3 /* Release */,
			);
			defaultConfigurationIsVisible = 0;
			defaultConfigurationName = Release;
		};
		96BF614A1A35B2AB004CF2B3 /* Build configuration list for PBXNativeTarget "ablyTests" */ = {
			isa = XCConfigurationList;
			buildConfigurations = (
				96BF614B1A35B2AB004CF2B3 /* Debug */,
				96BF614C1A35B2AB004CF2B3 /* Release */,
			);
			defaultConfigurationIsVisible = 0;
			defaultConfigurationName = Release;
		};
/* End XCConfigurationList section */
	};
	rootObject = 96BF61281A35B2AB004CF2B3 /* Project object */;
}
