// !$*UTF8*$!
{
	archiveVersion = 1;
	classes = {
	};
	objectVersion = 54;
	objects = {

/* Begin PBXBuildFile section */
		8482102E26A37E78001ED86C /* AppDelegate.swift in Sources */ = {isa = PBXBuildFile; fileRef = 8482102D26A37E78001ED86C /* AppDelegate.swift */; };
		8482103026A37E78001ED86C /* SceneDelegate.swift in Sources */ = {isa = PBXBuildFile; fileRef = 8482102F26A37E78001ED86C /* SceneDelegate.swift */; };
		8482103226A37E78001ED86C /* ViewController.swift in Sources */ = {isa = PBXBuildFile; fileRef = 8482103126A37E78001ED86C /* ViewController.swift */; };
		8482103526A37E78001ED86C /* Main.storyboard in Resources */ = {isa = PBXBuildFile; fileRef = 8482103326A37E78001ED86C /* Main.storyboard */; };
		8482103726A37E79001ED86C /* Assets.xcassets in Resources */ = {isa = PBXBuildFile; fileRef = 8482103626A37E79001ED86C /* Assets.xcassets */; };
		8482103A26A37E79001ED86C /* LaunchScreen.storyboard in Resources */ = {isa = PBXBuildFile; fileRef = 8482103826A37E79001ED86C /* LaunchScreen.storyboard */; };
		84BB82A52AEAEDFD00A62AFB /* AblyDeltaCodec.xcframework in Frameworks */ = {isa = PBXBuildFile; fileRef = 84BB82A22AEAEDFD00A62AFB /* AblyDeltaCodec.xcframework */; };
		84BB82A62AEAEDFD00A62AFB /* AblyDeltaCodec.xcframework in Embed Frameworks */ = {isa = PBXBuildFile; fileRef = 84BB82A22AEAEDFD00A62AFB /* AblyDeltaCodec.xcframework */; settings = {ATTRIBUTES = (CodeSignOnCopy, RemoveHeadersOnCopy, ); }; };
		84BB82A72AEAEDFD00A62AFB /* msgpack.xcframework in Frameworks */ = {isa = PBXBuildFile; fileRef = 84BB82A32AEAEDFD00A62AFB /* msgpack.xcframework */; };
		84BB82A82AEAEDFD00A62AFB /* msgpack.xcframework in Embed Frameworks */ = {isa = PBXBuildFile; fileRef = 84BB82A32AEAEDFD00A62AFB /* msgpack.xcframework */; settings = {ATTRIBUTES = (CodeSignOnCopy, RemoveHeadersOnCopy, ); }; };
		84BB82A92AEAEDFD00A62AFB /* Ably.xcframework in Frameworks */ = {isa = PBXBuildFile; fileRef = 84BB82A42AEAEDFD00A62AFB /* Ably.xcframework */; };
		84BB82AA2AEAEDFD00A62AFB /* Ably.xcframework in Embed Frameworks */ = {isa = PBXBuildFile; fileRef = 84BB82A42AEAEDFD00A62AFB /* Ably.xcframework */; settings = {ATTRIBUTES = (CodeSignOnCopy, RemoveHeadersOnCopy, ); }; };
/* End PBXBuildFile section */

/* Begin PBXCopyFilesBuildPhase section */
		84BB82AB2AEAEDFD00A62AFB /* Embed Frameworks */ = {
			isa = PBXCopyFilesBuildPhase;
			buildActionMask = 2147483647;
			dstPath = "";
			dstSubfolderSpec = 10;
			files = (
				84BB82A82AEAEDFD00A62AFB /* msgpack.xcframework in Embed Frameworks */,
				84BB82A62AEAEDFD00A62AFB /* AblyDeltaCodec.xcframework in Embed Frameworks */,
				84BB82AA2AEAEDFD00A62AFB /* Ably.xcframework in Embed Frameworks */,
			);
			name = "Embed Frameworks";
			runOnlyForDeploymentPostprocessing = 0;
		};
/* End PBXCopyFilesBuildPhase section */

/* Begin PBXFileReference section */
		8482102A26A37E78001ED86C /* AblyCarthage.app */ = {isa = PBXFileReference; explicitFileType = wrapper.application; includeInIndex = 0; path = AblyCarthage.app; sourceTree = BUILT_PRODUCTS_DIR; };
		8482102D26A37E78001ED86C /* AppDelegate.swift */ = {isa = PBXFileReference; lastKnownFileType = sourcecode.swift; path = AppDelegate.swift; sourceTree = "<group>"; };
		8482102F26A37E78001ED86C /* SceneDelegate.swift */ = {isa = PBXFileReference; lastKnownFileType = sourcecode.swift; path = SceneDelegate.swift; sourceTree = "<group>"; };
		8482103126A37E78001ED86C /* ViewController.swift */ = {isa = PBXFileReference; lastKnownFileType = sourcecode.swift; path = ViewController.swift; sourceTree = "<group>"; };
		8482103426A37E78001ED86C /* Base */ = {isa = PBXFileReference; lastKnownFileType = file.storyboard; name = Base; path = Base.lproj/Main.storyboard; sourceTree = "<group>"; };
		8482103626A37E79001ED86C /* Assets.xcassets */ = {isa = PBXFileReference; lastKnownFileType = folder.assetcatalog; path = Assets.xcassets; sourceTree = "<group>"; };
		8482103926A37E79001ED86C /* Base */ = {isa = PBXFileReference; lastKnownFileType = file.storyboard; name = Base; path = Base.lproj/LaunchScreen.storyboard; sourceTree = "<group>"; };
		8482103B26A37E79001ED86C /* Info.plist */ = {isa = PBXFileReference; lastKnownFileType = text.plist.xml; path = Info.plist; sourceTree = "<group>"; };
		84BB82A22AEAEDFD00A62AFB /* AblyDeltaCodec.xcframework */ = {isa = PBXFileReference; lastKnownFileType = wrapper.xcframework; name = AblyDeltaCodec.xcframework; path = Carthage/Build/AblyDeltaCodec.xcframework; sourceTree = "<group>"; };
		84BB82A32AEAEDFD00A62AFB /* msgpack.xcframework */ = {isa = PBXFileReference; lastKnownFileType = wrapper.xcframework; name = msgpack.xcframework; path = Carthage/Build/msgpack.xcframework; sourceTree = "<group>"; };
		84BB82A42AEAEDFD00A62AFB /* Ably.xcframework */ = {isa = PBXFileReference; lastKnownFileType = wrapper.xcframework; name = Ably.xcframework; path = Carthage/Build/Ably.xcframework; sourceTree = "<group>"; };
/* End PBXFileReference section */

/* Begin PBXFrameworksBuildPhase section */
		8482102726A37E78001ED86C /* Frameworks */ = {
			isa = PBXFrameworksBuildPhase;
			buildActionMask = 2147483647;
			files = (
				84BB82A72AEAEDFD00A62AFB /* msgpack.xcframework in Frameworks */,
				84BB82A52AEAEDFD00A62AFB /* AblyDeltaCodec.xcframework in Frameworks */,
				84BB82A92AEAEDFD00A62AFB /* Ably.xcframework in Frameworks */,
			);
			runOnlyForDeploymentPostprocessing = 0;
		};
/* End PBXFrameworksBuildPhase section */

/* Begin PBXGroup section */
		8482102126A37E78001ED86C = {
			isa = PBXGroup;
			children = (
				8482102C26A37E78001ED86C /* AblyCarthage */,
				8482102B26A37E78001ED86C /* Products */,
				84D0DA35270351D90031DE17 /* Frameworks */,
			);
			sourceTree = "<group>";
		};
		8482102B26A37E78001ED86C /* Products */ = {
			isa = PBXGroup;
			children = (
				8482102A26A37E78001ED86C /* AblyCarthage.app */,
			);
			name = Products;
			sourceTree = "<group>";
		};
		8482102C26A37E78001ED86C /* AblyCarthage */ = {
			isa = PBXGroup;
			children = (
				8482102D26A37E78001ED86C /* AppDelegate.swift */,
				8482102F26A37E78001ED86C /* SceneDelegate.swift */,
				8482103126A37E78001ED86C /* ViewController.swift */,
				8482103326A37E78001ED86C /* Main.storyboard */,
				8482103626A37E79001ED86C /* Assets.xcassets */,
				8482103826A37E79001ED86C /* LaunchScreen.storyboard */,
				8482103B26A37E79001ED86C /* Info.plist */,
			);
			path = AblyCarthage;
			sourceTree = "<group>";
		};
		84D0DA35270351D90031DE17 /* Frameworks */ = {
			isa = PBXGroup;
			children = (
				84BB82A42AEAEDFD00A62AFB /* Ably.xcframework */,
				84BB82A22AEAEDFD00A62AFB /* AblyDeltaCodec.xcframework */,
				84BB82A32AEAEDFD00A62AFB /* msgpack.xcframework */,
			);
			name = Frameworks;
			sourceTree = "<group>";
		};
/* End PBXGroup section */

/* Begin PBXNativeTarget section */
		8482102926A37E78001ED86C /* AblyCarthage */ = {
			isa = PBXNativeTarget;
			buildConfigurationList = 8482105426A37E79001ED86C /* Build configuration list for PBXNativeTarget "AblyCarthage" */;
			buildPhases = (
				8482102626A37E78001ED86C /* Sources */,
				8482102726A37E78001ED86C /* Frameworks */,
				8482102826A37E78001ED86C /* Resources */,
				84BB82AB2AEAEDFD00A62AFB /* Embed Frameworks */,
			);
			buildRules = (
			);
			dependencies = (
			);
			name = AblyCarthage;
			productName = AblyCarthage;
			productReference = 8482102A26A37E78001ED86C /* AblyCarthage.app */;
			productType = "com.apple.product-type.application";
		};
/* End PBXNativeTarget section */

/* Begin PBXProject section */
		8482102226A37E78001ED86C /* Project object */ = {
			isa = PBXProject;
			attributes = {
				LastSwiftUpdateCheck = 1250;
				LastUpgradeCheck = 1250;
				TargetAttributes = {
					8482102926A37E78001ED86C = {
						CreatedOnToolsVersion = 12.5;
					};
				};
			};
			buildConfigurationList = 8482102526A37E78001ED86C /* Build configuration list for PBXProject "AblyCarthage" */;
			compatibilityVersion = "Xcode 9.3";
			developmentRegion = en;
			hasScannedForEncodings = 0;
			knownRegions = (
				en,
				Base,
			);
			mainGroup = 8482102126A37E78001ED86C;
			productRefGroup = 8482102B26A37E78001ED86C /* Products */;
			projectDirPath = "";
			projectRoot = "";
			targets = (
				8482102926A37E78001ED86C /* AblyCarthage */,
			);
		};
/* End PBXProject section */

/* Begin PBXResourcesBuildPhase section */
		8482102826A37E78001ED86C /* Resources */ = {
			isa = PBXResourcesBuildPhase;
			buildActionMask = 2147483647;
			files = (
				8482103A26A37E79001ED86C /* LaunchScreen.storyboard in Resources */,
				8482103726A37E79001ED86C /* Assets.xcassets in Resources */,
				8482103526A37E78001ED86C /* Main.storyboard in Resources */,
			);
			runOnlyForDeploymentPostprocessing = 0;
		};
/* End PBXResourcesBuildPhase section */

/* Begin PBXSourcesBuildPhase section */
		8482102626A37E78001ED86C /* Sources */ = {
			isa = PBXSourcesBuildPhase;
			buildActionMask = 2147483647;
			files = (
				8482103226A37E78001ED86C /* ViewController.swift in Sources */,
				8482102E26A37E78001ED86C /* AppDelegate.swift in Sources */,
				8482103026A37E78001ED86C /* SceneDelegate.swift in Sources */,
			);
			runOnlyForDeploymentPostprocessing = 0;
		};
/* End PBXSourcesBuildPhase section */

/* Begin PBXVariantGroup section */
		8482103326A37E78001ED86C /* Main.storyboard */ = {
			isa = PBXVariantGroup;
			children = (
				8482103426A37E78001ED86C /* Base */,
			);
			name = Main.storyboard;
			sourceTree = "<group>";
		};
		8482103826A37E79001ED86C /* LaunchScreen.storyboard */ = {
			isa = PBXVariantGroup;
			children = (
				8482103926A37E79001ED86C /* Base */,
			);
			name = LaunchScreen.storyboard;
			sourceTree = "<group>";
		};
/* End PBXVariantGroup section */

/* Begin XCBuildConfiguration section */
		8482105226A37E79001ED86C /* Debug */ = {
			isa = XCBuildConfiguration;
			buildSettings = {
				ALWAYS_SEARCH_USER_PATHS = NO;
				CLANG_ANALYZER_NONNULL = YES;
				CLANG_ANALYZER_NUMBER_OBJECT_CONVERSION = YES_AGGRESSIVE;
				CLANG_CXX_LANGUAGE_STANDARD = "gnu++14";
				CLANG_CXX_LIBRARY = "libc++";
				CLANG_ENABLE_MODULES = YES;
				CLANG_ENABLE_OBJC_ARC = YES;
				CLANG_ENABLE_OBJC_WEAK = YES;
				CLANG_WARN_BLOCK_CAPTURE_AUTORELEASING = YES;
				CLANG_WARN_BOOL_CONVERSION = YES;
				CLANG_WARN_COMMA = YES;
				CLANG_WARN_CONSTANT_CONVERSION = YES;
				CLANG_WARN_DEPRECATED_OBJC_IMPLEMENTATIONS = YES;
				CLANG_WARN_DIRECT_OBJC_ISA_USAGE = YES_ERROR;
				CLANG_WARN_DOCUMENTATION_COMMENTS = YES;
				CLANG_WARN_EMPTY_BODY = YES;
				CLANG_WARN_ENUM_CONVERSION = YES;
				CLANG_WARN_INFINITE_RECURSION = YES;
				CLANG_WARN_INT_CONVERSION = YES;
				CLANG_WARN_NON_LITERAL_NULL_CONVERSION = YES;
				CLANG_WARN_OBJC_IMPLICIT_RETAIN_SELF = YES;
				CLANG_WARN_OBJC_LITERAL_CONVERSION = YES;
				CLANG_WARN_OBJC_ROOT_CLASS = YES_ERROR;
				CLANG_WARN_QUOTED_INCLUDE_IN_FRAMEWORK_HEADER = YES;
				CLANG_WARN_RANGE_LOOP_ANALYSIS = YES;
				CLANG_WARN_STRICT_PROTOTYPES = YES;
				CLANG_WARN_SUSPICIOUS_MOVE = YES;
				CLANG_WARN_UNGUARDED_AVAILABILITY = YES_AGGRESSIVE;
				CLANG_WARN_UNREACHABLE_CODE = YES;
				CLANG_WARN__DUPLICATE_METHOD_MATCH = YES;
				COPY_PHASE_STRIP = NO;
				DEBUG_INFORMATION_FORMAT = dwarf;
				ENABLE_STRICT_OBJC_MSGSEND = YES;
				ENABLE_TESTABILITY = YES;
				GCC_C_LANGUAGE_STANDARD = gnu11;
				GCC_DYNAMIC_NO_PIC = NO;
				GCC_NO_COMMON_BLOCKS = YES;
				GCC_OPTIMIZATION_LEVEL = 0;
				GCC_PREPROCESSOR_DEFINITIONS = (
					"DEBUG=1",
					"$(inherited)",
				);
				GCC_WARN_64_TO_32_BIT_CONVERSION = YES;
				GCC_WARN_ABOUT_RETURN_TYPE = YES_ERROR;
				GCC_WARN_UNDECLARED_SELECTOR = YES;
				GCC_WARN_UNINITIALIZED_AUTOS = YES_AGGRESSIVE;
				GCC_WARN_UNUSED_FUNCTION = YES;
				GCC_WARN_UNUSED_VARIABLE = YES;
				IPHONEOS_DEPLOYMENT_TARGET = 14.5;
				MTL_ENABLE_DEBUG_INFO = INCLUDE_SOURCE;
				MTL_FAST_MATH = YES;
				ONLY_ACTIVE_ARCH = YES;
				SDKROOT = iphoneos;
				SWIFT_ACTIVE_COMPILATION_CONDITIONS = DEBUG;
				SWIFT_OPTIMIZATION_LEVEL = "-Onone";
			};
			name = Debug;
		};
		8482105326A37E79001ED86C /* Release */ = {
			isa = XCBuildConfiguration;
			buildSettings = {
				ALWAYS_SEARCH_USER_PATHS = NO;
				CLANG_ANALYZER_NONNULL = YES;
				CLANG_ANALYZER_NUMBER_OBJECT_CONVERSION = YES_AGGRESSIVE;
				CLANG_CXX_LANGUAGE_STANDARD = "gnu++14";
				CLANG_CXX_LIBRARY = "libc++";
				CLANG_ENABLE_MODULES = YES;
				CLANG_ENABLE_OBJC_ARC = YES;
				CLANG_ENABLE_OBJC_WEAK = YES;
				CLANG_WARN_BLOCK_CAPTURE_AUTORELEASING = YES;
				CLANG_WARN_BOOL_CONVERSION = YES;
				CLANG_WARN_COMMA = YES;
				CLANG_WARN_CONSTANT_CONVERSION = YES;
				CLANG_WARN_DEPRECATED_OBJC_IMPLEMENTATIONS = YES;
				CLANG_WARN_DIRECT_OBJC_ISA_USAGE = YES_ERROR;
				CLANG_WARN_DOCUMENTATION_COMMENTS = YES;
				CLANG_WARN_EMPTY_BODY = YES;
				CLANG_WARN_ENUM_CONVERSION = YES;
				CLANG_WARN_INFINITE_RECURSION = YES;
				CLANG_WARN_INT_CONVERSION = YES;
				CLANG_WARN_NON_LITERAL_NULL_CONVERSION = YES;
				CLANG_WARN_OBJC_IMPLICIT_RETAIN_SELF = YES;
				CLANG_WARN_OBJC_LITERAL_CONVERSION = YES;
				CLANG_WARN_OBJC_ROOT_CLASS = YES_ERROR;
				CLANG_WARN_QUOTED_INCLUDE_IN_FRAMEWORK_HEADER = YES;
				CLANG_WARN_RANGE_LOOP_ANALYSIS = YES;
				CLANG_WARN_STRICT_PROTOTYPES = YES;
				CLANG_WARN_SUSPICIOUS_MOVE = YES;
				CLANG_WARN_UNGUARDED_AVAILABILITY = YES_AGGRESSIVE;
				CLANG_WARN_UNREACHABLE_CODE = YES;
				CLANG_WARN__DUPLICATE_METHOD_MATCH = YES;
				COPY_PHASE_STRIP = NO;
				DEBUG_INFORMATION_FORMAT = "dwarf-with-dsym";
				ENABLE_NS_ASSERTIONS = NO;
				ENABLE_STRICT_OBJC_MSGSEND = YES;
				GCC_C_LANGUAGE_STANDARD = gnu11;
				GCC_NO_COMMON_BLOCKS = YES;
				GCC_WARN_64_TO_32_BIT_CONVERSION = YES;
				GCC_WARN_ABOUT_RETURN_TYPE = YES_ERROR;
				GCC_WARN_UNDECLARED_SELECTOR = YES;
				GCC_WARN_UNINITIALIZED_AUTOS = YES_AGGRESSIVE;
				GCC_WARN_UNUSED_FUNCTION = YES;
				GCC_WARN_UNUSED_VARIABLE = YES;
				IPHONEOS_DEPLOYMENT_TARGET = 14.5;
				MTL_ENABLE_DEBUG_INFO = NO;
				MTL_FAST_MATH = YES;
				SDKROOT = iphoneos;
				SWIFT_COMPILATION_MODE = wholemodule;
				SWIFT_OPTIMIZATION_LEVEL = "-O";
				VALIDATE_PRODUCT = YES;
			};
			name = Release;
		};
		8482105526A37E79001ED86C /* Debug */ = {
			isa = XCBuildConfiguration;
			buildSettings = {
				ASSETCATALOG_COMPILER_APPICON_NAME = AppIcon;
				ASSETCATALOG_COMPILER_GLOBAL_ACCENT_COLOR_NAME = AccentColor;
				CODE_SIGN_STYLE = Automatic;
				DEVELOPMENT_TEAM = "";
				INFOPLIST_FILE = AblyCarthage/Info.plist;
				LD_RUNPATH_SEARCH_PATHS = (
					"$(inherited)",
					"@executable_path/Frameworks",
				);
				PRODUCT_BUNDLE_IDENTIFIER = io.ably.AblyCarthage;
				PRODUCT_NAME = "$(TARGET_NAME)";
				SWIFT_VERSION = 5.0;
				TARGETED_DEVICE_FAMILY = "1,2";
			};
			name = Debug;
		};
		8482105626A37E79001ED86C /* Release */ = {
			isa = XCBuildConfiguration;
			buildSettings = {
				ASSETCATALOG_COMPILER_APPICON_NAME = AppIcon;
				ASSETCATALOG_COMPILER_GLOBAL_ACCENT_COLOR_NAME = AccentColor;
				CODE_SIGN_STYLE = Automatic;
				DEVELOPMENT_TEAM = "";
				INFOPLIST_FILE = AblyCarthage/Info.plist;
				LD_RUNPATH_SEARCH_PATHS = (
					"$(inherited)",
					"@executable_path/Frameworks",
				);
				PRODUCT_BUNDLE_IDENTIFIER = io.ably.AblyCarthage;
				PRODUCT_NAME = "$(TARGET_NAME)";
				SWIFT_VERSION = 5.0;
				TARGETED_DEVICE_FAMILY = "1,2";
			};
			name = Release;
		};
/* End XCBuildConfiguration section */

/* Begin XCConfigurationList section */
		8482102526A37E78001ED86C /* Build configuration list for PBXProject "AblyCarthage" */ = {
			isa = XCConfigurationList;
			buildConfigurations = (
				8482105226A37E79001ED86C /* Debug */,
				8482105326A37E79001ED86C /* Release */,
			);
			defaultConfigurationIsVisible = 0;
			defaultConfigurationName = Release;
		};
		8482105426A37E79001ED86C /* Build configuration list for PBXNativeTarget "AblyCarthage" */ = {
			isa = XCConfigurationList;
			buildConfigurations = (
				8482105526A37E79001ED86C /* Debug */,
				8482105626A37E79001ED86C /* Release */,
			);
			defaultConfigurationIsVisible = 0;
			defaultConfigurationName = Release;
		};
/* End XCConfigurationList section */
	};
	rootObject = 8482102226A37E78001ED86C /* Project object */;
}
