{
  "object": {
    "pins": [
      {
        "package": "AblyDeltaCodec",
        "repositoryURL": "https://github.com/ably/delta-codec-cocoa",
        "state": {
          "branch": "main",
          "revision": "d09d34a5489665a3c924a95791ce0a97ef26cc99",
          "version": null
        }
      },
      {
        "package": "msgpack",
        "repositoryURL": "https://github.com/rvi/msgpack-objective-C",
        "state": {
          "branch": null,
          "revision": "3e36b48e04ecd756cb927bd5f5b9bf6d45e475f9",
          "version": "0.4.0"
        }
      }
    ]
  },
  "version": 1
}
