PODS:
  - Aspects (1.4.1)
  - Nimble (7.0.3)
  - Quick (1.2.0)
  - SwiftyJSON (3.1.4)

DEPENDENCIES:
  - Aspects
  - Nimble (= 7.0.3)
  - Quick (= 1.2.0)
  - SwiftyJSON (= 3.1.4)

SPEC REPOS:
  https://github.com/cocoapods/specs.git:
    - Aspects
    - Nimble
    - Quick
    - SwiftyJSON

SPEC CHECKSUMS:
  Aspects: 7595ba96a6727a58ebcbfc954497fc5d2fdde546
  Nimble: 7f5a9c447a33002645a071bddafbfb24ea70e0ac
  Quick: 58d203b1c5e27fff7229c4c1ae445ad7069a7a08
  SwiftyJSON: c2842d878f95482ffceec5709abc3d05680c0220

PODFILE CHECKSUM: bbc911685e19e03e4fc0bed9375d6679936a44f8

COCOAPODS: 1.5.3
