PODS:
  - Aspects (1.4.1)
  - KSCrashAblyFork (1.15.8-ably-1):
    - KSCrashAblyFork/Installations (= 1.15.8-ably-1)
  - KSCrashAblyFork/Installations (1.15.8-ably-1):
    - KSCrashAblyFork/Recording
    - KSCrashAblyFork/Reporting
  - KSCrashAblyFork/Recording (1.15.8-ably-1):
    - KSCrashAblyFork/Recording/Tools (= 1.15.8-ably-1)
  - KSCrashAblyFork/Recording/Tools (1.15.8-ably-1)
  - KSCrashAblyFork/Reporting (1.15.8-ably-1):
    - KSCrashAblyFork/Recording
    - KSCrashAblyFork/Reporting/Filters (= 1.15.8-ably-1)
    - KSCrashAblyFork/Reporting/MessageUI (= 1.15.8-ably-1)
    - KSCrashAblyFork/Reporting/Sinks (= 1.15.8-ably-1)
    - KSCrashAblyFork/Reporting/Tools (= 1.15.8-ably-1)
  - KSCrashAblyFork/Reporting/Filters (1.15.8-ably-1):
    - KSCrashAblyFork/Recording
    - KSCrashAblyFork/Reporting/Filters/Alert (= 1.15.8-ably-1)
    - KSCrashAblyFork/Reporting/Filters/AppleFmt (= 1.15.8-ably-1)
    - KSCrashAblyFork/Reporting/Filters/Base (= 1.15.8-ably-1)
    - KSCrashAblyFork/Reporting/Filters/Basic (= 1.15.8-ably-1)
    - KSCrashAblyFork/Reporting/Filters/GZip (= 1.15.8-ably-1)
    - KSCrashAblyFork/Reporting/Filters/JSON (= 1.15.8-ably-1)
    - KSCrashAblyFork/Reporting/Filters/Sets (= 1.15.8-ably-1)
    - KSCrashAblyFork/Reporting/Filters/Stringify (= 1.15.8-ably-1)
    - KSCrashAblyFork/Reporting/Filters/Tools (= 1.15.8-ably-1)
  - KSCrashAblyFork/Reporting/Filters/Alert (1.15.8-ably-1):
    - KSCrashAblyFork/Recording
    - KSCrashAblyFork/Reporting/Filters/Base
  - KSCrashAblyFork/Reporting/Filters/AppleFmt (1.15.8-ably-1):
    - KSCrashAblyFork/Recording
    - KSCrashAblyFork/Reporting/Filters/Base
  - KSCrashAblyFork/Reporting/Filters/Base (1.15.8-ably-1):
    - KSCrashAblyFork/Recording
  - KSCrashAblyFork/Reporting/Filters/Basic (1.15.8-ably-1):
    - KSCrashAblyFork/Recording
    - KSCrashAblyFork/Reporting/Filters/Base
  - KSCrashAblyFork/Reporting/Filters/GZip (1.15.8-ably-1):
    - KSCrashAblyFork/Recording
    - KSCrashAblyFork/Reporting/Filters/Base
  - KSCrashAblyFork/Reporting/Filters/JSON (1.15.8-ably-1):
    - KSCrashAblyFork/Recording
    - KSCrashAblyFork/Reporting/Filters/Base
  - KSCrashAblyFork/Reporting/Filters/Sets (1.15.8-ably-1):
    - KSCrashAblyFork/Recording
    - KSCrashAblyFork/Reporting/Filters/AppleFmt
    - KSCrashAblyFork/Reporting/Filters/Base
    - KSCrashAblyFork/Reporting/Filters/Basic
    - KSCrashAblyFork/Reporting/Filters/GZip
    - KSCrashAblyFork/Reporting/Filters/JSON
    - KSCrashAblyFork/Reporting/Filters/Stringify
  - KSCrashAblyFork/Reporting/Filters/Stringify (1.15.8-ably-1):
    - KSCrashAblyFork/Recording
    - KSCrashAblyFork/Reporting/Filters/Base
  - KSCrashAblyFork/Reporting/Filters/Tools (1.15.8-ably-1):
    - KSCrashAblyFork/Recording
  - KSCrashAblyFork/Reporting/MessageUI (1.15.8-ably-1):
    - KSCrashAblyFork/Recording
  - KSCrashAblyFork/Reporting/Sinks (1.15.8-ably-1):
    - KSCrashAblyFork/Recording
    - KSCrashAblyFork/Reporting/Filters
    - KSCrashAblyFork/Reporting/Tools
  - KSCrashAblyFork/Reporting/Tools (1.15.8-ably-1):
    - KSCrashAblyFork/Recording
  - msgpack (0.1.8)
  - Nimble (7.0.0)
  - Quick (1.1.0)
  - SocketRocket (0.5.1)
  - SwiftyJSON (3.1.4)
  - ULID (1.0.2)

DEPENDENCIES:
  - Aspects
  - KSCrashAblyFork (= 1.15.8-ably-1)
  - msgpack (= 0.1.8)
  - Nimble (= 7.0.0)
  - Quick (= 1.1.0)
  - SocketRocket (= 0.5.1)
  - SwiftyJSON (= 3.1.4)
  - ULID (= 1.0.2)

SPEC CHECKSUMS:
  Aspects: 7595ba96a6727a58ebcbfc954497fc5d2fdde546
  KSCrashAblyFork: 6d0dd5b033710109a8fdde28103eeb0e7f9ba1f7
  msgpack: 97491d2ea799408f4694f2c7d7fd79baf77853dd
  Nimble: 874982b605d4d752fcac6be695d13c502de84b1b
  Quick: dafc587e21eed9f4cab3249b9f9015b0b7a7f71d
  SocketRocket: d57c7159b83c3c6655745cd15302aa24b6bae531
  SwiftyJSON: c2842d878f95482ffceec5709abc3d05680c0220
  ULID: fcabaa95746b670beb80c029beb3372da2f729bd

PODFILE CHECKSUM: a3ea9f671a7397e93a58586171ba88f0b19fbcb5

COCOAPODS: 1.3.1
