// !$*UTF8*$!
{
	archiveVersion = 1;
	classes = {
	};
	objectVersion = 55;
	objects = {

/* Begin PBXBuildFile section */
		219F937A2A4E0E44007DE767 /* LocationPushEventsView.swift in Sources */ = {isa = PBXBuildFile; fileRef = 219F93792A4E0E44007DE767 /* LocationPushEventsView.swift */; };
		801880802B87E7BA00A698F0 /* PushButton.swift in Sources */ = {isa = PBXBuildFile; fileRef = 8018807F2B87E7BA00A698F0 /* PushButton.swift */; };
		801880822B87E80D00A698F0 /* StatelessButton.swift in Sources */ = {isa = PBXBuildFile; fileRef = 801880812B87E80D00A698F0 /* StatelessButton.swift */; };
		801880872B87E8A300A698F0 /* VerticalLabelStyle.swift in Sources */ = {isa = PBXBuildFile; fileRef = 801880862B87E8A300A698F0 /* VerticalLabelStyle.swift */; };
		8405EE8427F0B06800C9E461 /* App.swift in Sources */ = {isa = PBXBuildFile; fileRef = 8405EE8327F0B06800C9E461 /* App.swift */; };
		8405EE8627F0B06800C9E461 /* ContentView.swift in Sources */ = {isa = PBXBuildFile; fileRef = 8405EE8527F0B06800C9E461 /* ContentView.swift */; };
		8405EE8827F0B06C00C9E461 /* Assets.xcassets in Resources */ = {isa = PBXBuildFile; fileRef = 8405EE8727F0B06C00C9E461 /* Assets.xcassets */; };
		8405EE8B27F0B06C00C9E461 /* Preview Assets.xcassets in Resources */ = {isa = PBXBuildFile; fileRef = 8405EE8A27F0B06C00C9E461 /* Preview Assets.xcassets */; };
		842F124A27F0B29D0029692E /* AblyHelper.swift in Sources */ = {isa = PBXBuildFile; fileRef = 842F124927F0B29D0029692E /* AblyHelper.swift */; };
		848694D127F8958F00B41A5D /* Ably in Frameworks */ = {isa = PBXBuildFile; productRef = 848694D027F8958F00B41A5D /* Ably */; };
		84C233C92A2D560C007DA23B /* LocationPushService.swift in Sources */ = {isa = PBXBuildFile; fileRef = 84C233C82A2D560C007DA23B /* LocationPushService.swift */; };
		84E3D1942A6D886E0081E898 /* LocationPushEventsView.swift in Sources */ = {isa = PBXBuildFile; fileRef = 219F93792A4E0E44007DE767 /* LocationPushEventsView.swift */; };
		84E3D1952A6D886E0081E898 /* ContentView.swift in Sources */ = {isa = PBXBuildFile; fileRef = 8405EE8527F0B06800C9E461 /* ContentView.swift */; };
		84E3D1962A6D886E0081E898 /* AblyHelper.swift in Sources */ = {isa = PBXBuildFile; fileRef = 842F124927F0B29D0029692E /* AblyHelper.swift */; };
		84E3D1972A6D886E0081E898 /* App.swift in Sources */ = {isa = PBXBuildFile; fileRef = 8405EE8327F0B06800C9E461 /* App.swift */; };
		84E3D1992A6D886E0081E898 /* Ably in Frameworks */ = {isa = PBXBuildFile; productRef = 84E3D1922A6D886E0081E898 /* Ably */; };
		84E3D19B2A6D886E0081E898 /* Preview Assets.xcassets in Resources */ = {isa = PBXBuildFile; fileRef = 8405EE8A27F0B06C00C9E461 /* Preview Assets.xcassets */; };
		84E3D19C2A6D886E0081E898 /* Assets.xcassets in Resources */ = {isa = PBXBuildFile; fileRef = 8405EE8727F0B06C00C9E461 /* Assets.xcassets */; };
		84E3D19E2A6D886E0081E898 /* AblyLocationPush.appex in Embed Foundation Extensions */ = {isa = PBXBuildFile; fileRef = 84C233C62A2D560C007DA23B /* AblyLocationPush.appex */; settings = {ATTRIBUTES = (RemoveHeadersOnCopy, ); }; };
/* End PBXBuildFile section */

/* Begin PBXContainerItemProxy section */
		84E3D1912A6D886E0081E898 /* PBXContainerItemProxy */ = {
			isa = PBXContainerItemProxy;
			containerPortal = 8405EE7827F0B06800C9E461 /* Project object */;
			proxyType = 1;
			remoteGlobalIDString = 84C233C52A2D560C007DA23B;
			remoteInfo = AblyLocationPush;
		};
/* End PBXContainerItemProxy section */

/* Begin PBXCopyFilesBuildPhase section */
		84E3D19D2A6D886E0081E898 /* Embed Foundation Extensions */ = {
			isa = PBXCopyFilesBuildPhase;
			buildActionMask = 2147483647;
			dstPath = "";
			dstSubfolderSpec = 13;
			files = (
				84E3D19E2A6D886E0081E898 /* AblyLocationPush.appex in Embed Foundation Extensions */,
			);
			name = "Embed Foundation Extensions";
			runOnlyForDeploymentPostprocessing = 0;
		};
/* End PBXCopyFilesBuildPhase section */

/* Begin PBXFileReference section */
		219F93782A4DFE41007DE767 /* AblyLocationPush.entitlements */ = {isa = PBXFileReference; lastKnownFileType = text.plist.entitlements; path = AblyLocationPush.entitlements; sourceTree = "<group>"; };
		219F93792A4E0E44007DE767 /* LocationPushEventsView.swift */ = {isa = PBXFileReference; lastKnownFileType = sourcecode.swift; path = LocationPushEventsView.swift; sourceTree = "<group>"; };
		8018807F2B87E7BA00A698F0 /* PushButton.swift */ = {isa = PBXFileReference; lastKnownFileType = sourcecode.swift; path = PushButton.swift; sourceTree = "<group>"; };
		801880812B87E80D00A698F0 /* StatelessButton.swift */ = {isa = PBXFileReference; lastKnownFileType = sourcecode.swift; path = StatelessButton.swift; sourceTree = "<group>"; };
		801880862B87E8A300A698F0 /* VerticalLabelStyle.swift */ = {isa = PBXFileReference; lastKnownFileType = sourcecode.swift; path = VerticalLabelStyle.swift; sourceTree = "<group>"; };
		8405EE8027F0B06800C9E461 /* Ably Push.app */ = {isa = PBXFileReference; explicitFileType = wrapper.application; includeInIndex = 0; path = "Ably Push.app"; sourceTree = BUILT_PRODUCTS_DIR; };
		8405EE8327F0B06800C9E461 /* App.swift */ = {isa = PBXFileReference; lastKnownFileType = sourcecode.swift; path = App.swift; sourceTree = "<group>"; };
		8405EE8527F0B06800C9E461 /* ContentView.swift */ = {isa = PBXFileReference; lastKnownFileType = sourcecode.swift; path = ContentView.swift; sourceTree = "<group>"; };
		8405EE8727F0B06C00C9E461 /* Assets.xcassets */ = {isa = PBXFileReference; lastKnownFileType = folder.assetcatalog; path = Assets.xcassets; sourceTree = "<group>"; };
		8405EE8A27F0B06C00C9E461 /* Preview Assets.xcassets */ = {isa = PBXFileReference; lastKnownFileType = folder.assetcatalog; path = "Preview Assets.xcassets"; sourceTree = "<group>"; };
		842F124927F0B29D0029692E /* AblyHelper.swift */ = {isa = PBXFileReference; lastKnownFileType = sourcecode.swift; path = AblyHelper.swift; sourceTree = "<group>"; };
		842F124B27F0BFC10029692E /* Info.plist */ = {isa = PBXFileReference; lastKnownFileType = text.plist; path = Info.plist; sourceTree = "<group>"; };
		842F124C27F0BFD40029692E /* AblyPushExample.entitlements */ = {isa = PBXFileReference; lastKnownFileType = text.plist.entitlements; path = AblyPushExample.entitlements; sourceTree = "<group>"; };
		848694CE27F8957400B41A5D /* ably-cocoa */ = {isa = PBXFileReference; lastKnownFileType = folder; name = "ably-cocoa"; path = ../..; sourceTree = "<group>"; };
		84C233C62A2D560C007DA23B /* AblyLocationPush.appex */ = {isa = PBXFileReference; explicitFileType = "wrapper.app-extension"; includeInIndex = 0; path = AblyLocationPush.appex; sourceTree = BUILT_PRODUCTS_DIR; };
		84C233C82A2D560C007DA23B /* LocationPushService.swift */ = {isa = PBXFileReference; lastKnownFileType = sourcecode.swift; path = LocationPushService.swift; sourceTree = "<group>"; };
		84C233CA2A2D560C007DA23B /* Info.plist */ = {isa = PBXFileReference; lastKnownFileType = text.plist.xml; path = Info.plist; sourceTree = "<group>"; };
		84E3D1A22A6D886E0081E898 /* AblyPushExampleLP.app */ = {isa = PBXFileReference; explicitFileType = wrapper.application; includeInIndex = 0; path = AblyPushExampleLP.app; sourceTree = BUILT_PRODUCTS_DIR; };
		84E3D1A32A6D886E0081E898 /* InfoLP.plist */ = {isa = PBXFileReference; lastKnownFileType = text.plist; path = InfoLP.plist; sourceTree = "<group>"; };
/* End PBXFileReference section */

/* Begin PBXFrameworksBuildPhase section */
		8405EE7D27F0B06800C9E461 /* Frameworks */ = {
			isa = PBXFrameworksBuildPhase;
			buildActionMask = 2147483647;
			files = (
				848694D127F8958F00B41A5D /* Ably in Frameworks */,
			);
			runOnlyForDeploymentPostprocessing = 0;
		};
		84C233C32A2D560C007DA23B /* Frameworks */ = {
			isa = PBXFrameworksBuildPhase;
			buildActionMask = 2147483647;
			files = (
			);
			runOnlyForDeploymentPostprocessing = 0;
		};
		84E3D1982A6D886E0081E898 /* Frameworks */ = {
			isa = PBXFrameworksBuildPhase;
			buildActionMask = 2147483647;
			files = (
				84E3D1992A6D886E0081E898 /* Ably in Frameworks */,
			);
			runOnlyForDeploymentPostprocessing = 0;
		};
/* End PBXFrameworksBuildPhase section */

/* Begin PBXGroup section */
		801880852B87E86600A698F0 /* Buttons */ = {
			isa = PBXGroup;
			children = (
				801880812B87E80D00A698F0 /* StatelessButton.swift */,
				8018807F2B87E7BA00A698F0 /* PushButton.swift */,
				801880862B87E8A300A698F0 /* VerticalLabelStyle.swift */,
			);
			path = Buttons;
			sourceTree = "<group>";
		};
		8405EE7727F0B06800C9E461 = {
			isa = PBXGroup;
			children = (
				8405EE8227F0B06800C9E461 /* AblyPushExample */,
				848694CD27F8957400B41A5D /* Packages */,
				84C233C72A2D560C007DA23B /* AblyLocationPush */,
				8405EE8127F0B06800C9E461 /* Products */,
				848694CF27F8958F00B41A5D /* Frameworks */,
			);
			sourceTree = "<group>";
		};
		8405EE8127F0B06800C9E461 /* Products */ = {
			isa = PBXGroup;
			children = (
				8405EE8027F0B06800C9E461 /* Ably Push.app */,
				84C233C62A2D560C007DA23B /* AblyLocationPush.appex */,
				84E3D1A22A6D886E0081E898 /* AblyPushExampleLP.app */,
			);
			name = Products;
			sourceTree = "<group>";
		};
		8405EE8227F0B06800C9E461 /* AblyPushExample */ = {
			isa = PBXGroup;
			children = (
				8405EE8327F0B06800C9E461 /* App.swift */,
				842F124927F0B29D0029692E /* AblyHelper.swift */,
				8405EE8527F0B06800C9E461 /* ContentView.swift */,
				801880852B87E86600A698F0 /* Buttons */,
				219F93792A4E0E44007DE767 /* LocationPushEventsView.swift */,
				842F124B27F0BFC10029692E /* Info.plist */,
				84E3D1A32A6D886E0081E898 /* InfoLP.plist */,
				8405EE8727F0B06C00C9E461 /* Assets.xcassets */,
				842F124C27F0BFD40029692E /* AblyPushExample.entitlements */,
				8405EE8927F0B06C00C9E461 /* Preview Content */,
			);
			path = AblyPushExample;
			sourceTree = "<group>";
		};
		8405EE8927F0B06C00C9E461 /* Preview Content */ = {
			isa = PBXGroup;
			children = (
				8405EE8A27F0B06C00C9E461 /* Preview Assets.xcassets */,
			);
			path = "Preview Content";
			sourceTree = "<group>";
		};
		848694CD27F8957400B41A5D /* Packages */ = {
			isa = PBXGroup;
			children = (
				848694CE27F8957400B41A5D /* ably-cocoa */,
			);
			name = Packages;
			sourceTree = "<group>";
		};
		848694CF27F8958F00B41A5D /* Frameworks */ = {
			isa = PBXGroup;
			children = (
			);
			name = Frameworks;
			sourceTree = "<group>";
		};
		84C233C72A2D560C007DA23B /* AblyLocationPush */ = {
			isa = PBXGroup;
			children = (
				219F93782A4DFE41007DE767 /* AblyLocationPush.entitlements */,
				84C233C82A2D560C007DA23B /* LocationPushService.swift */,
				84C233CA2A2D560C007DA23B /* Info.plist */,
			);
			path = AblyLocationPush;
			sourceTree = "<group>";
		};
/* End PBXGroup section */

/* Begin PBXNativeTarget section */
		8405EE7F27F0B06800C9E461 /* AblyPushExample */ = {
			isa = PBXNativeTarget;
			buildConfigurationList = 8405EE8E27F0B06C00C9E461 /* Build configuration list for PBXNativeTarget "AblyPushExample" */;
			buildPhases = (
				8405EE7C27F0B06800C9E461 /* Sources */,
				8405EE7D27F0B06800C9E461 /* Frameworks */,
				8405EE7E27F0B06800C9E461 /* Resources */,
			);
			buildRules = (
			);
			dependencies = (
			);
			name = AblyPushExample;
			packageProductDependencies = (
				848694D027F8958F00B41A5D /* Ably */,
			);
			productName = AblyPushExample;
			productReference = 8405EE8027F0B06800C9E461 /* Ably Push.app */;
			productType = "com.apple.product-type.application";
		};
		84C233C52A2D560C007DA23B /* AblyLocationPush */ = {
			isa = PBXNativeTarget;
			buildConfigurationList = 84C233CE2A2D560C007DA23B /* Build configuration list for PBXNativeTarget "AblyLocationPush" */;
			buildPhases = (
				84C233C22A2D560C007DA23B /* Sources */,
				84C233C32A2D560C007DA23B /* Frameworks */,
				84C233C42A2D560C007DA23B /* Resources */,
			);
			buildRules = (
			);
			dependencies = (
			);
			name = AblyLocationPush;
			productName = AblyLocationPush;
			productReference = 84C233C62A2D560C007DA23B /* AblyLocationPush.appex */;
			productType = "com.apple.product-type.app-extension";
		};
		84E3D18F2A6D886E0081E898 /* AblyPushExampleLP */ = {
			isa = PBXNativeTarget;
			buildConfigurationList = 84E3D19F2A6D886E0081E898 /* Build configuration list for PBXNativeTarget "AblyPushExampleLP" */;
			buildPhases = (
				84E3D1932A6D886E0081E898 /* Sources */,
				84E3D1982A6D886E0081E898 /* Frameworks */,
				84E3D19A2A6D886E0081E898 /* Resources */,
				84E3D19D2A6D886E0081E898 /* Embed Foundation Extensions */,
			);
			buildRules = (
			);
			dependencies = (
				84E3D1902A6D886E0081E898 /* PBXTargetDependency */,
			);
			name = AblyPushExampleLP;
			packageProductDependencies = (
				84E3D1922A6D886E0081E898 /* Ably */,
			);
			productName = AblyPushExample;
			productReference = 84E3D1A22A6D886E0081E898 /* AblyPushExampleLP.app */;
			productType = "com.apple.product-type.application";
		};
/* End PBXNativeTarget section */

/* Begin PBXProject section */
		8405EE7827F0B06800C9E461 /* Project object */ = {
			isa = PBXProject;
			attributes = {
				BuildIndependentTargetsInParallel = 1;
				LastSwiftUpdateCheck = 1410;
				LastUpgradeCheck = 1300;
				TargetAttributes = {
					8405EE7F27F0B06800C9E461 = {
						CreatedOnToolsVersion = 13.0;
					};
					84C233C52A2D560C007DA23B = {
						CreatedOnToolsVersion = 14.1;
					};
				};
			};
			buildConfigurationList = 8405EE7B27F0B06800C9E461 /* Build configuration list for PBXProject "AblyPushExample" */;
			compatibilityVersion = "Xcode 13.0";
			developmentRegion = en;
			hasScannedForEncodings = 0;
			knownRegions = (
				en,
				Base,
			);
			mainGroup = 8405EE7727F0B06800C9E461;
			packageReferences = (
			);
			productRefGroup = 8405EE8127F0B06800C9E461 /* Products */;
			projectDirPath = "";
			projectRoot = "";
			targets = (
				8405EE7F27F0B06800C9E461 /* AblyPushExample */,
				84E3D18F2A6D886E0081E898 /* AblyPushExampleLP */,
				84C233C52A2D560C007DA23B /* AblyLocationPush */,
			);
		};
/* End PBXProject section */

/* Begin PBXResourcesBuildPhase section */
		8405EE7E27F0B06800C9E461 /* Resources */ = {
			isa = PBXResourcesBuildPhase;
			buildActionMask = 2147483647;
			files = (
				8405EE8B27F0B06C00C9E461 /* Preview Assets.xcassets in Resources */,
				8405EE8827F0B06C00C9E461 /* Assets.xcassets in Resources */,
			);
			runOnlyForDeploymentPostprocessing = 0;
		};
		84C233C42A2D560C007DA23B /* Resources */ = {
			isa = PBXResourcesBuildPhase;
			buildActionMask = 2147483647;
			files = (
			);
			runOnlyForDeploymentPostprocessing = 0;
		};
		84E3D19A2A6D886E0081E898 /* Resources */ = {
			isa = PBXResourcesBuildPhase;
			buildActionMask = 2147483647;
			files = (
				84E3D19B2A6D886E0081E898 /* Preview Assets.xcassets in Resources */,
				84E3D19C2A6D886E0081E898 /* Assets.xcassets in Resources */,
			);
			runOnlyForDeploymentPostprocessing = 0;
		};
/* End PBXResourcesBuildPhase section */

/* Begin PBXSourcesBuildPhase section */
		8405EE7C27F0B06800C9E461 /* Sources */ = {
			isa = PBXSourcesBuildPhase;
			buildActionMask = 2147483647;
			files = (
				801880822B87E80D00A698F0 /* StatelessButton.swift in Sources */,
				219F937A2A4E0E44007DE767 /* LocationPushEventsView.swift in Sources */,
				801880872B87E8A300A698F0 /* VerticalLabelStyle.swift in Sources */,
				801880802B87E7BA00A698F0 /* PushButton.swift in Sources */,
				8405EE8627F0B06800C9E461 /* ContentView.swift in Sources */,
				842F124A27F0B29D0029692E /* AblyHelper.swift in Sources */,
				8405EE8427F0B06800C9E461 /* App.swift in Sources */,
			);
			runOnlyForDeploymentPostprocessing = 0;
		};
		84C233C22A2D560C007DA23B /* Sources */ = {
			isa = PBXSourcesBuildPhase;
			buildActionMask = 2147483647;
			files = (
				84C233C92A2D560C007DA23B /* LocationPushService.swift in Sources */,
			);
			runOnlyForDeploymentPostprocessing = 0;
		};
		84E3D1932A6D886E0081E898 /* Sources */ = {
			isa = PBXSourcesBuildPhase;
			buildActionMask = 2147483647;
			files = (
				84E3D1942A6D886E0081E898 /* LocationPushEventsView.swift in Sources */,
				84E3D1952A6D886E0081E898 /* ContentView.swift in Sources */,
				84E3D1962A6D886E0081E898 /* AblyHelper.swift in Sources */,
				84E3D1972A6D886E0081E898 /* App.swift in Sources */,
			);
			runOnlyForDeploymentPostprocessing = 0;
		};
/* End PBXSourcesBuildPhase section */

/* Begin PBXTargetDependency section */
		84E3D1902A6D886E0081E898 /* PBXTargetDependency */ = {
			isa = PBXTargetDependency;
			target = 84C233C52A2D560C007DA23B /* AblyLocationPush */;
			targetProxy = 84E3D1912A6D886E0081E898 /* PBXContainerItemProxy */;
		};
/* End PBXTargetDependency section */

/* Begin XCBuildConfiguration section */
		8405EE8C27F0B06C00C9E461 /* Debug */ = {
			isa = XCBuildConfiguration;
			buildSettings = {
				ALWAYS_SEARCH_USER_PATHS = NO;
				CLANG_ANALYZER_NONNULL = YES;
				CLANG_ANALYZER_NUMBER_OBJECT_CONVERSION = YES_AGGRESSIVE;
				CLANG_CXX_LANGUAGE_STANDARD = "gnu++17";
				CLANG_CXX_LIBRARY = "libc++";
				CLANG_ENABLE_MODULES = YES;
				CLANG_ENABLE_OBJC_ARC = YES;
				CLANG_ENABLE_OBJC_WEAK = YES;
				CLANG_WARN_BLOCK_CAPTURE_AUTORELEASING = YES;
				CLANG_WARN_BOOL_CONVERSION = YES;
				CLANG_WARN_COMMA = YES;
				CLANG_WARN_CONSTANT_CONVERSION = YES;
				CLANG_WARN_DEPRECATED_OBJC_IMPLEMENTATIONS = YES;
				CLANG_WARN_DIRECT_OBJC_ISA_USAGE = YES_ERROR;
				CLANG_WARN_DOCUMENTATION_COMMENTS = YES;
				CLANG_WARN_EMPTY_BODY = YES;
				CLANG_WARN_ENUM_CONVERSION = YES;
				CLANG_WARN_INFINITE_RECURSION = YES;
				CLANG_WARN_INT_CONVERSION = YES;
				CLANG_WARN_NON_LITERAL_NULL_CONVERSION = YES;
				CLANG_WARN_OBJC_IMPLICIT_RETAIN_SELF = YES;
				CLANG_WARN_OBJC_LITERAL_CONVERSION = YES;
				CLANG_WARN_OBJC_ROOT_CLASS = YES_ERROR;
				CLANG_WARN_QUOTED_INCLUDE_IN_FRAMEWORK_HEADER = YES;
				CLANG_WARN_RANGE_LOOP_ANALYSIS = YES;
				CLANG_WARN_STRICT_PROTOTYPES = YES;
				CLANG_WARN_SUSPICIOUS_MOVE = YES;
				CLANG_WARN_UNGUARDED_AVAILABILITY = YES_AGGRESSIVE;
				CLANG_WARN_UNREACHABLE_CODE = YES;
				CLANG_WARN__DUPLICATE_METHOD_MATCH = YES;
				COPY_PHASE_STRIP = NO;
				DEBUG_INFORMATION_FORMAT = dwarf;
				ENABLE_STRICT_OBJC_MSGSEND = YES;
				ENABLE_TESTABILITY = YES;
				GCC_C_LANGUAGE_STANDARD = gnu11;
				GCC_DYNAMIC_NO_PIC = NO;
				GCC_NO_COMMON_BLOCKS = YES;
				GCC_OPTIMIZATION_LEVEL = 0;
				GCC_PREPROCESSOR_DEFINITIONS = (
					"DEBUG=1",
					"$(inherited)",
				);
				GCC_WARN_64_TO_32_BIT_CONVERSION = YES;
				GCC_WARN_ABOUT_RETURN_TYPE = YES_ERROR;
				GCC_WARN_UNDECLARED_SELECTOR = YES;
				GCC_WARN_UNINITIALIZED_AUTOS = YES_AGGRESSIVE;
				GCC_WARN_UNUSED_FUNCTION = YES;
				GCC_WARN_UNUSED_VARIABLE = YES;
				IPHONEOS_DEPLOYMENT_TARGET = 15.0;
				MTL_ENABLE_DEBUG_INFO = INCLUDE_SOURCE;
				MTL_FAST_MATH = YES;
				ONLY_ACTIVE_ARCH = YES;
				SDKROOT = iphoneos;
				SWIFT_ACTIVE_COMPILATION_CONDITIONS = DEBUG;
				SWIFT_OPTIMIZATION_LEVEL = "-Onone";
			};
			name = Debug;
		};
		8405EE8D27F0B06C00C9E461 /* Release */ = {
			isa = XCBuildConfiguration;
			buildSettings = {
				ALWAYS_SEARCH_USER_PATHS = NO;
				CLANG_ANALYZER_NONNULL = YES;
				CLANG_ANALYZER_NUMBER_OBJECT_CONVERSION = YES_AGGRESSIVE;
				CLANG_CXX_LANGUAGE_STANDARD = "gnu++17";
				CLANG_CXX_LIBRARY = "libc++";
				CLANG_ENABLE_MODULES = YES;
				CLANG_ENABLE_OBJC_ARC = YES;
				CLANG_ENABLE_OBJC_WEAK = YES;
				CLANG_WARN_BLOCK_CAPTURE_AUTORELEASING = YES;
				CLANG_WARN_BOOL_CONVERSION = YES;
				CLANG_WARN_COMMA = YES;
				CLANG_WARN_CONSTANT_CONVERSION = YES;
				CLANG_WARN_DEPRECATED_OBJC_IMPLEMENTATIONS = YES;
				CLANG_WARN_DIRECT_OBJC_ISA_USAGE = YES_ERROR;
				CLANG_WARN_DOCUMENTATION_COMMENTS = YES;
				CLANG_WARN_EMPTY_BODY = YES;
				CLANG_WARN_ENUM_CONVERSION = YES;
				CLANG_WARN_INFINITE_RECURSION = YES;
				CLANG_WARN_INT_CONVERSION = YES;
				CLANG_WARN_NON_LITERAL_NULL_CONVERSION = YES;
				CLANG_WARN_OBJC_IMPLICIT_RETAIN_SELF = YES;
				CLANG_WARN_OBJC_LITERAL_CONVERSION = YES;
				CLANG_WARN_OBJC_ROOT_CLASS = YES_ERROR;
				CLANG_WARN_QUOTED_INCLUDE_IN_FRAMEWORK_HEADER = YES;
				CLANG_WARN_RANGE_LOOP_ANALYSIS = YES;
				CLANG_WARN_STRICT_PROTOTYPES = YES;
				CLANG_WARN_SUSPICIOUS_MOVE = YES;
				CLANG_WARN_UNGUARDED_AVAILABILITY = YES_AGGRESSIVE;
				CLANG_WARN_UNREACHABLE_CODE = YES;
				CLANG_WARN__DUPLICATE_METHOD_MATCH = YES;
				COPY_PHASE_STRIP = NO;
				DEBUG_INFORMATION_FORMAT = "dwarf-with-dsym";
				ENABLE_NS_ASSERTIONS = NO;
				ENABLE_STRICT_OBJC_MSGSEND = YES;
				GCC_C_LANGUAGE_STANDARD = gnu11;
				GCC_NO_COMMON_BLOCKS = YES;
				GCC_WARN_64_TO_32_BIT_CONVERSION = YES;
				GCC_WARN_ABOUT_RETURN_TYPE = YES_ERROR;
				GCC_WARN_UNDECLARED_SELECTOR = YES;
				GCC_WARN_UNINITIALIZED_AUTOS = YES_AGGRESSIVE;
				GCC_WARN_UNUSED_FUNCTION = YES;
				GCC_WARN_UNUSED_VARIABLE = YES;
				IPHONEOS_DEPLOYMENT_TARGET = 15.0;
				MTL_ENABLE_DEBUG_INFO = NO;
				MTL_FAST_MATH = YES;
				SDKROOT = iphoneos;
				SWIFT_COMPILATION_MODE = wholemodule;
				SWIFT_OPTIMIZATION_LEVEL = "-O";
				VALIDATE_PRODUCT = YES;
			};
			name = Release;
		};
		8405EE8F27F0B06C00C9E461 /* Debug */ = {
			isa = XCBuildConfiguration;
			buildSettings = {
				ASSETCATALOG_COMPILER_APPICON_NAME = AppIcon;
				ASSETCATALOG_COMPILER_GLOBAL_ACCENT_COLOR_NAME = AccentColor;
				CODE_SIGN_ENTITLEMENTS = AblyPushExample/AblyPushExample.entitlements;
				CODE_SIGN_STYLE = Automatic;
				CURRENT_PROJECT_VERSION = 1;
				DEVELOPMENT_ASSET_PATHS = "\"AblyPushExample/Preview Content\"";
				DEVELOPMENT_TEAM = XXY98AVDR6;
				ENABLE_PREVIEWS = YES;
				GENERATE_INFOPLIST_FILE = YES;
				INFOPLIST_FILE = AblyPushExample/Info.plist;
				INFOPLIST_KEY_NSLocationAlwaysAndWhenInUseUsageDescription = "Please allow this app to always access your location!";
				INFOPLIST_KEY_NSLocationWhenInUseUsageDescription = "Please allow this app to access your location while in use.";
				INFOPLIST_KEY_UIApplicationSceneManifest_Generation = YES;
				INFOPLIST_KEY_UIApplicationSupportsIndirectInputEvents = YES;
				INFOPLIST_KEY_UILaunchScreen_Generation = YES;
				INFOPLIST_KEY_UISupportedInterfaceOrientations_iPad = "UIInterfaceOrientationPortrait UIInterfaceOrientationPortraitUpsideDown UIInterfaceOrientationLandscapeLeft UIInterfaceOrientationLandscapeRight";
				INFOPLIST_KEY_UISupportedInterfaceOrientations_iPhone = "UIInterfaceOrientationPortrait UIInterfaceOrientationLandscapeLeft UIInterfaceOrientationLandscapeRight";
				IPHONEOS_DEPLOYMENT_TARGET = 15.0;
				LD_RUNPATH_SEARCH_PATHS = (
					"$(inherited)",
					"@executable_path/Frameworks",
				);
				MARKETING_VERSION = 1.0;
				PRODUCT_BUNDLE_IDENTIFIER = io.ably.AblyPushExample;
				PRODUCT_NAME = "Ably Push";
				SWIFT_EMIT_LOC_STRINGS = YES;
				SWIFT_VERSION = 5.0;
				TARGETED_DEVICE_FAMILY = "1,2";
			};
			name = Debug;
		};
		8405EE9027F0B06C00C9E461 /* Release */ = {
			isa = XCBuildConfiguration;
			buildSettings = {
				ASSETCATALOG_COMPILER_APPICON_NAME = AppIcon;
				ASSETCATALOG_COMPILER_GLOBAL_ACCENT_COLOR_NAME = AccentColor;
				CODE_SIGN_ENTITLEMENTS = AblyPushExample/AblyPushExample.entitlements;
				CODE_SIGN_STYLE = Automatic;
				CURRENT_PROJECT_VERSION = 1;
				DEVELOPMENT_ASSET_PATHS = "\"AblyPushExample/Preview Content\"";
				DEVELOPMENT_TEAM = XXY98AVDR6;
				ENABLE_PREVIEWS = YES;
				GENERATE_INFOPLIST_FILE = YES;
				INFOPLIST_FILE = AblyPushExample/Info.plist;
				INFOPLIST_KEY_NSLocationAlwaysAndWhenInUseUsageDescription = "Please allow this app to always access your location!";
				INFOPLIST_KEY_NSLocationWhenInUseUsageDescription = "Please allow this app to access your location while in use.";
				INFOPLIST_KEY_UIApplicationSceneManifest_Generation = YES;
				INFOPLIST_KEY_UIApplicationSupportsIndirectInputEvents = YES;
				INFOPLIST_KEY_UILaunchScreen_Generation = YES;
				INFOPLIST_KEY_UISupportedInterfaceOrientations_iPad = "UIInterfaceOrientationPortrait UIInterfaceOrientationPortraitUpsideDown UIInterfaceOrientationLandscapeLeft UIInterfaceOrientationLandscapeRight";
				INFOPLIST_KEY_UISupportedInterfaceOrientations_iPhone = "UIInterfaceOrientationPortrait UIInterfaceOrientationLandscapeLeft UIInterfaceOrientationLandscapeRight";
				IPHONEOS_DEPLOYMENT_TARGET = 15.0;
				LD_RUNPATH_SEARCH_PATHS = (
					"$(inherited)",
					"@executable_path/Frameworks",
				);
				MARKETING_VERSION = 1.0;
				PRODUCT_BUNDLE_IDENTIFIER = io.ably.AblyPushExample;
				PRODUCT_NAME = "Ably Push";
				SWIFT_EMIT_LOC_STRINGS = YES;
				SWIFT_VERSION = 5.0;
				TARGETED_DEVICE_FAMILY = "1,2";
			};
			name = Release;
		};
		84C233CF2A2D560C007DA23B /* Debug */ = {
			isa = XCBuildConfiguration;
			buildSettings = {
				CLANG_CXX_LANGUAGE_STANDARD = "gnu++20";
				CODE_SIGN_ENTITLEMENTS = AblyLocationPush/AblyLocationPush.entitlements;
				CODE_SIGN_STYLE = Automatic;
				CURRENT_PROJECT_VERSION = 1;
				DEVELOPMENT_TEAM = XXY98AVDR6;
				GENERATE_INFOPLIST_FILE = YES;
				INFOPLIST_FILE = AblyLocationPush/Info.plist;
				INFOPLIST_KEY_CFBundleDisplayName = AblyLocationPush;
				INFOPLIST_KEY_NSHumanReadableCopyright = "";
				IPHONEOS_DEPLOYMENT_TARGET = 15.0;
				LD_RUNPATH_SEARCH_PATHS = (
					"$(inherited)",
					"@executable_path/Frameworks",
					"@executable_path/../../Frameworks",
				);
				MARKETING_VERSION = 1.0;
				PRODUCT_BUNDLE_IDENTIFIER = io.ably.AblyPushExample.AblyLocationPush;
				PRODUCT_NAME = "$(TARGET_NAME)";
				SKIP_INSTALL = YES;
				SWIFT_EMIT_LOC_STRINGS = YES;
				SWIFT_VERSION = 5.0;
				TARGETED_DEVICE_FAMILY = "1,2";
			};
			name = Debug;
		};
		84C233D02A2D560C007DA23B /* Release */ = {
			isa = XCBuildConfiguration;
			buildSettings = {
				CLANG_CXX_LANGUAGE_STANDARD = "gnu++20";
				CODE_SIGN_ENTITLEMENTS = AblyLocationPush/AblyLocationPush.entitlements;
				CODE_SIGN_STYLE = Automatic;
				CURRENT_PROJECT_VERSION = 1;
				DEVELOPMENT_TEAM = XXY98AVDR6;
				GENERATE_INFOPLIST_FILE = YES;
				INFOPLIST_FILE = AblyLocationPush/Info.plist;
				INFOPLIST_KEY_CFBundleDisplayName = AblyLocationPush;
				INFOPLIST_KEY_NSHumanReadableCopyright = "";
				IPHONEOS_DEPLOYMENT_TARGET = 15.0;
				LD_RUNPATH_SEARCH_PATHS = (
					"$(inherited)",
					"@executable_path/Frameworks",
					"@executable_path/../../Frameworks",
				);
				MARKETING_VERSION = 1.0;
				PRODUCT_BUNDLE_IDENTIFIER = io.ably.AblyPushExample.AblyLocationPush;
				PRODUCT_NAME = "$(TARGET_NAME)";
				SKIP_INSTALL = YES;
				SWIFT_EMIT_LOC_STRINGS = YES;
				SWIFT_VERSION = 5.0;
				TARGETED_DEVICE_FAMILY = "1,2";
			};
			name = Release;
		};
		84E3D1A02A6D886E0081E898 /* Debug */ = {
			isa = XCBuildConfiguration;
			buildSettings = {
				ALWAYS_EMBED_SWIFT_STANDARD_LIBRARIES = YES;
				ASSETCATALOG_COMPILER_APPICON_NAME = AppIcon;
				ASSETCATALOG_COMPILER_GLOBAL_ACCENT_COLOR_NAME = AccentColor;
				CODE_SIGN_ENTITLEMENTS = AblyPushExample/AblyPushExample.entitlements;
				CODE_SIGN_STYLE = Automatic;
				CURRENT_PROJECT_VERSION = 1;
				DEVELOPMENT_ASSET_PATHS = "\"AblyPushExample/Preview Content\"";
				DEVELOPMENT_TEAM = XXY98AVDR6;
				ENABLE_PREVIEWS = YES;
				GENERATE_INFOPLIST_FILE = YES;
				INFOPLIST_FILE = AblyPushExample/InfoLP.plist;
				INFOPLIST_KEY_NSLocationAlwaysAndWhenInUseUsageDescription = "Please allow this app to always access your location!";
				INFOPLIST_KEY_NSLocationWhenInUseUsageDescription = "Please allow this app to access your location while in use.";
				INFOPLIST_KEY_UIApplicationSceneManifest_Generation = YES;
				INFOPLIST_KEY_UIApplicationSupportsIndirectInputEvents = YES;
				INFOPLIST_KEY_UILaunchScreen_Generation = YES;
				INFOPLIST_KEY_UISupportedInterfaceOrientations_iPad = "UIInterfaceOrientationPortrait UIInterfaceOrientationPortraitUpsideDown UIInterfaceOrientationLandscapeLeft UIInterfaceOrientationLandscapeRight";
				INFOPLIST_KEY_UISupportedInterfaceOrientations_iPhone = "UIInterfaceOrientationPortrait UIInterfaceOrientationLandscapeLeft UIInterfaceOrientationLandscapeRight";
				IPHONEOS_DEPLOYMENT_TARGET = 15.0;
				LD_RUNPATH_SEARCH_PATHS = (
					"$(inherited)",
					"@executable_path/Frameworks",
				);
				MARKETING_VERSION = 1.0;
				PRODUCT_BUNDLE_IDENTIFIER = io.ably.AblyPushExample;
				PRODUCT_NAME = "$(TARGET_NAME)";
				SWIFT_ACTIVE_COMPILATION_CONDITIONS = "DEBUG USE_LOCATION_PUSH";
				SWIFT_EMIT_LOC_STRINGS = YES;
				SWIFT_VERSION = 5.0;
				TARGETED_DEVICE_FAMILY = "1,2";
			};
			name = Debug;
		};
		84E3D1A12A6D886E0081E898 /* Release */ = {
			isa = XCBuildConfiguration;
			buildSettings = {
				ALWAYS_EMBED_SWIFT_STANDARD_LIBRARIES = YES;
				ASSETCATALOG_COMPILER_APPICON_NAME = AppIcon;
				ASSETCATALOG_COMPILER_GLOBAL_ACCENT_COLOR_NAME = AccentColor;
				CODE_SIGN_ENTITLEMENTS = AblyPushExample/AblyPushExample.entitlements;
				CODE_SIGN_STYLE = Automatic;
				CURRENT_PROJECT_VERSION = 1;
				DEVELOPMENT_ASSET_PATHS = "\"AblyPushExample/Preview Content\"";
				DEVELOPMENT_TEAM = XXY98AVDR6;
				ENABLE_PREVIEWS = YES;
				GENERATE_INFOPLIST_FILE = YES;
				INFOPLIST_FILE = AblyPushExample/InfoLP.plist;
				INFOPLIST_KEY_NSLocationAlwaysAndWhenInUseUsageDescription = "Please allow this app to always access your location!";
				INFOPLIST_KEY_NSLocationWhenInUseUsageDescription = "Please allow this app to access your location while in use.";
				INFOPLIST_KEY_UIApplicationSceneManifest_Generation = YES;
				INFOPLIST_KEY_UIApplicationSupportsIndirectInputEvents = YES;
				INFOPLIST_KEY_UILaunchScreen_Generation = YES;
				INFOPLIST_KEY_UISupportedInterfaceOrientations_iPad = "UIInterfaceOrientationPortrait UIInterfaceOrientationPortraitUpsideDown UIInterfaceOrientationLandscapeLeft UIInterfaceOrientationLandscapeRight";
				INFOPLIST_KEY_UISupportedInterfaceOrientations_iPhone = "UIInterfaceOrientationPortrait UIInterfaceOrientationLandscapeLeft UIInterfaceOrientationLandscapeRight";
				IPHONEOS_DEPLOYMENT_TARGET = 15.0;
				LD_RUNPATH_SEARCH_PATHS = (
					"$(inherited)",
					"@executable_path/Frameworks",
				);
				MARKETING_VERSION = 1.0;
				PRODUCT_BUNDLE_IDENTIFIER = io.ably.AblyPushExample;
				PRODUCT_NAME = "$(TARGET_NAME)";
				SWIFT_ACTIVE_COMPILATION_CONDITIONS = USE_LOCATION_PUSH;
				SWIFT_EMIT_LOC_STRINGS = YES;
				SWIFT_VERSION = 5.0;
				TARGETED_DEVICE_FAMILY = "1,2";
			};
			name = Release;
		};
/* End XCBuildConfiguration section */

/* Begin XCConfigurationList section */
		8405EE7B27F0B06800C9E461 /* Build configuration list for PBXProject "AblyPushExample" */ = {
			isa = XCConfigurationList;
			buildConfigurations = (
				8405EE8C27F0B06C00C9E461 /* Debug */,
				8405EE8D27F0B06C00C9E461 /* Release */,
			);
			defaultConfigurationIsVisible = 0;
			defaultConfigurationName = Release;
		};
		8405EE8E27F0B06C00C9E461 /* Build configuration list for PBXNativeTarget "AblyPushExample" */ = {
			isa = XCConfigurationList;
			buildConfigurations = (
				8405EE8F27F0B06C00C9E461 /* Debug */,
				8405EE9027F0B06C00C9E461 /* Release */,
			);
			defaultConfigurationIsVisible = 0;
			defaultConfigurationName = Release;
		};
		84C233CE2A2D560C007DA23B /* Build configuration list for PBXNativeTarget "AblyLocationPush" */ = {
			isa = XCConfigurationList;
			buildConfigurations = (
				84C233CF2A2D560C007DA23B /* Debug */,
				84C233D02A2D560C007DA23B /* Release */,
			);
			defaultConfigurationIsVisible = 0;
			defaultConfigurationName = Release;
		};
		84E3D19F2A6D886E0081E898 /* Build configuration list for PBXNativeTarget "AblyPushExampleLP" */ = {
			isa = XCConfigurationList;
			buildConfigurations = (
				84E3D1A02A6D886E0081E898 /* Debug */,
				84E3D1A12A6D886E0081E898 /* Release */,
			);
			defaultConfigurationIsVisible = 0;
			defaultConfigurationName = Release;
		};
/* End XCConfigurationList section */

/* Begin XCSwiftPackageProductDependency section */
		848694D027F8958F00B41A5D /* Ably */ = {
			isa = XCSwiftPackageProductDependency;
			productName = Ably;
		};
		84E3D1922A6D886E0081E898 /* Ably */ = {
			isa = XCSwiftPackageProductDependency;
			productName = Ably;
		};
/* End XCSwiftPackageProductDependency section */
	};
	rootObject = 8405EE7827F0B06800C9E461 /* Project object */;
}
