{
  "originHash" : "5edc51588d2fa738b8a95824129b6ce3a78cd64d34e8e10fd7b3fc175555d837",
  "pins" : [
    {
      "identity" : "swift-argument-parser",
      "kind" : "remoteSourceControl",
      "location" : "https://github.com/apple/swift-argument-parser",
      "state" : {
        "revision" : "6a52f3251125d74daf04fcbd5e6f08a75d074382",
        "version" : "1.8.2"
      }
    },
    {
      "identity" : "swift-async-algorithms",
      "kind" : "remoteSourceControl",
      "location" : "https://github.com/apple/swift-async-algorithms",
      "state" : {
        "revision" : "3da39bbc4e687d4192af7c9cf4eab805745a0b9c",
        "version" : "1.1.5"
      }
    },
    {
      "identity" : "swift-collections",
      "kind" : "remoteSourceControl",
      "location" : "https://github.com/apple/swift-collections.git",
      "state" : {
        "revision" : "a0cb0954ecb21e4e31b0070e6ed5674e8556685a",
        "version" : "1.6.0"
      }
    },
    {
      "identity" : "table",
      "kind" : "remoteSourceControl",
      "location" : "https://github.com/JanGorman/Table.git",
      "state" : {
        "revision" : "7b8521c3b1078ba0b347964aec7c503cd6f1ff40",
        "version" : "1.1.1"
      }
    }
  ],
  "version" : 3
}
