PODS:
  - Ably (1.1.2):
    - KSCrashAblyFork (= 1.15.8-ably-2)
    - msgpack (= 0.1.8)
    - SAMKeychain (= 1.5.3)
    - SocketRocketAblyFork (= 0.5.2-ably-2)
    - ULID (= 1.0.3)
  - KSCrashAblyFork (1.15.8-ably-2):
    - KSCrashAblyFork/Installations (= 1.15.8-ably-2)
  - KSCrashAblyFork/Installations (1.15.8-ably-2):
    - KSCrashAblyFork/Recording
    - KSCrashAblyFork/Reporting
  - KSCrashAblyFork/Recording (1.15.8-ably-2):
    - KSCrashAblyFork/Recording/Tools (= 1.15.8-ably-2)
  - KSCrashAblyFork/Recording/Tools (1.15.8-ably-2)
  - KSCrashAblyFork/Reporting (1.15.8-ably-2):
    - KSCrashAblyFork/Recording
    - KSCrashAblyFork/Reporting/Filters (= 1.15.8-ably-2)
    - KSCrashAblyFork/Reporting/MessageUI (= 1.15.8-ably-2)
    - KSCrashAblyFork/Reporting/Sinks (= 1.15.8-ably-2)
    - KSCrashAblyFork/Reporting/Tools (= 1.15.8-ably-2)
  - KSCrashAblyFork/Reporting/Filters (1.15.8-ably-2):
    - KSCrashAblyFork/Recording
    - KSCrashAblyFork/Reporting/Filters/Alert (= 1.15.8-ably-2)
    - KSCrashAblyFork/Reporting/Filters/AppleFmt (= 1.15.8-ably-2)
    - KSCrashAblyFork/Reporting/Filters/Base (= 1.15.8-ably-2)
    - KSCrashAblyFork/Reporting/Filters/Basic (= 1.15.8-ably-2)
    - KSCrashAblyFork/Reporting/Filters/GZip (= 1.15.8-ably-2)
    - KSCrashAblyFork/Reporting/Filters/JSON (= 1.15.8-ably-2)
    - KSCrashAblyFork/Reporting/Filters/Sets (= 1.15.8-ably-2)
    - KSCrashAblyFork/Reporting/Filters/Stringify (= 1.15.8-ably-2)
    - KSCrashAblyFork/Reporting/Filters/Tools (= 1.15.8-ably-2)
  - KSCrashAblyFork/Reporting/Filters/Alert (1.15.8-ably-2):
    - KSCrashAblyFork/Recording
    - KSCrashAblyFork/Reporting/Filters/Base
  - KSCrashAblyFork/Reporting/Filters/AppleFmt (1.15.8-ably-2):
    - KSCrashAblyFork/Recording
    - KSCrashAblyFork/Reporting/Filters/Base
  - KSCrashAblyFork/Reporting/Filters/Base (1.15.8-ably-2):
    - KSCrashAblyFork/Recording
  - KSCrashAblyFork/Reporting/Filters/Basic (1.15.8-ably-2):
    - KSCrashAblyFork/Recording
    - KSCrashAblyFork/Reporting/Filters/Base
  - KSCrashAblyFork/Reporting/Filters/GZip (1.15.8-ably-2):
    - KSCrashAblyFork/Recording
    - KSCrashAblyFork/Reporting/Filters/Base
  - KSCrashAblyFork/Reporting/Filters/JSON (1.15.8-ably-2):
    - KSCrashAblyFork/Recording
    - KSCrashAblyFork/Reporting/Filters/Base
  - KSCrashAblyFork/Reporting/Filters/Sets (1.15.8-ably-2):
    - KSCrashAblyFork/Recording
    - KSCrashAblyFork/Reporting/Filters/AppleFmt
    - KSCrashAblyFork/Reporting/Filters/Base
    - KSCrashAblyFork/Reporting/Filters/Basic
    - KSCrashAblyFork/Reporting/Filters/GZip
    - KSCrashAblyFork/Reporting/Filters/JSON
    - KSCrashAblyFork/Reporting/Filters/Stringify
  - KSCrashAblyFork/Reporting/Filters/Stringify (1.15.8-ably-2):
    - KSCrashAblyFork/Recording
    - KSCrashAblyFork/Reporting/Filters/Base
  - KSCrashAblyFork/Reporting/Filters/Tools (1.15.8-ably-2):
    - KSCrashAblyFork/Recording
  - KSCrashAblyFork/Reporting/MessageUI (1.15.8-ably-2):
    - KSCrashAblyFork/Recording
  - KSCrashAblyFork/Reporting/Sinks (1.15.8-ably-2):
    - KSCrashAblyFork/Recording
    - KSCrashAblyFork/Reporting/Filters
    - KSCrashAblyFork/Reporting/Tools
  - KSCrashAblyFork/Reporting/Tools (1.15.8-ably-2):
    - KSCrashAblyFork/Recording
  - msgpack (0.1.8)
  - SAMKeychain (1.5.3)
  - SocketRocketAblyFork (0.5.2-ably-2)
  - ULID (1.0.3)

DEPENDENCIES:
  - Ably (from `../..`)

SPEC REPOS:
  https://github.com/cocoapods/specs.git:
    - KSCrashAblyFork
    - msgpack
    - SAMKeychain
    - SocketRocketAblyFork
    - ULID

EXTERNAL SOURCES:
  Ably:
    :path: "../.."

SPEC CHECKSUMS:
  Ably: 1f1232175d54ffc1cc00ee5c537e9a963f38fc34
  KSCrashAblyFork: d356f10dcde9359db775334e38e93a48df6508f7
  msgpack: 97491d2ea799408f4694f2c7d7fd79baf77853dd
  SAMKeychain: 483e1c9f32984d50ca961e26818a534283b4cd5c
  SocketRocketAblyFork: 8337d4d53e49a8af8dbe76c8416ef55605f758c6
  ULID: d583a374311df11a7eeecbfd3ce68d02339ce24d

PODFILE CHECKSUM: 6af34bf7f91045b23539816c1d0cfe253bec5ea5

COCOAPODS: 1.5.3
