PODS:
  - Ably (1.0.6):
    - KSCrashAblyFork (= 1.15.8-ably-1)
    - msgpack (= 0.1.8)
    - SocketRocket (= 0.5.1)
  - KSCrashAblyFork (1.15.8-ably-1):
    - KSCrashAblyFork/Installations (= 1.15.8-ably-1)
  - KSCrashAblyFork/Installations (1.15.8-ably-1):
    - KSCrashAblyFork/Recording
    - KSCrashAblyFork/Reporting
  - KSCrashAblyFork/Recording (1.15.8-ably-1):
    - KSCrashAblyFork/Recording/Tools (= 1.15.8-ably-1)
  - KSCrashAblyFork/Recording/Tools (1.15.8-ably-1)
  - KSCrashAblyFork/Reporting (1.15.8-ably-1):
    - KSCrashAblyFork/Recording
    - KSCrashAblyFork/Reporting/Filters (= 1.15.8-ably-1)
    - KSCrashAblyFork/Reporting/MessageUI (= 1.15.8-ably-1)
    - KSCrashAblyFork/Reporting/Sinks (= 1.15.8-ably-1)
    - KSCrashAblyFork/Reporting/Tools (= 1.15.8-ably-1)
  - KSCrashAblyFork/Reporting/Filters (1.15.8-ably-1):
    - KSCrashAblyFork/Recording
    - KSCrashAblyFork/Reporting/Filters/Alert (= 1.15.8-ably-1)
    - KSCrashAblyFork/Reporting/Filters/AppleFmt (= 1.15.8-ably-1)
    - KSCrashAblyFork/Reporting/Filters/Base (= 1.15.8-ably-1)
    - KSCrashAblyFork/Reporting/Filters/Basic (= 1.15.8-ably-1)
    - KSCrashAblyFork/Reporting/Filters/GZip (= 1.15.8-ably-1)
    - KSCrashAblyFork/Reporting/Filters/JSON (= 1.15.8-ably-1)
    - KSCrashAblyFork/Reporting/Filters/Sets (= 1.15.8-ably-1)
    - KSCrashAblyFork/Reporting/Filters/Stringify (= 1.15.8-ably-1)
    - KSCrashAblyFork/Reporting/Filters/Tools (= 1.15.8-ably-1)
  - KSCrashAblyFork/Reporting/Filters/Alert (1.15.8-ably-1):
    - KSCrashAblyFork/Recording
    - KSCrashAblyFork/Reporting/Filters/Base
  - KSCrashAblyFork/Reporting/Filters/AppleFmt (1.15.8-ably-1):
    - KSCrashAblyFork/Recording
    - KSCrashAblyFork/Reporting/Filters/Base
  - KSCrashAblyFork/Reporting/Filters/Base (1.15.8-ably-1):
    - KSCrashAblyFork/Recording
  - KSCrashAblyFork/Reporting/Filters/Basic (1.15.8-ably-1):
    - KSCrashAblyFork/Recording
    - KSCrashAblyFork/Reporting/Filters/Base
  - KSCrashAblyFork/Reporting/Filters/GZip (1.15.8-ably-1):
    - KSCrashAblyFork/Recording
    - KSCrashAblyFork/Reporting/Filters/Base
  - KSCrashAblyFork/Reporting/Filters/JSON (1.15.8-ably-1):
    - KSCrashAblyFork/Recording
    - KSCrashAblyFork/Reporting/Filters/Base
  - KSCrashAblyFork/Reporting/Filters/Sets (1.15.8-ably-1):
    - KSCrashAblyFork/Recording
    - KSCrashAblyFork/Reporting/Filters/AppleFmt
    - KSCrashAblyFork/Reporting/Filters/Base
    - KSCrashAblyFork/Reporting/Filters/Basic
    - KSCrashAblyFork/Reporting/Filters/GZip
    - KSCrashAblyFork/Reporting/Filters/JSON
    - KSCrashAblyFork/Reporting/Filters/Stringify
  - KSCrashAblyFork/Reporting/Filters/Stringify (1.15.8-ably-1):
    - KSCrashAblyFork/Recording
    - KSCrashAblyFork/Reporting/Filters/Base
  - KSCrashAblyFork/Reporting/Filters/Tools (1.15.8-ably-1):
    - KSCrashAblyFork/Recording
  - KSCrashAblyFork/Reporting/MessageUI (1.15.8-ably-1):
    - KSCrashAblyFork/Recording
  - KSCrashAblyFork/Reporting/Sinks (1.15.8-ably-1):
    - KSCrashAblyFork/Recording
    - KSCrashAblyFork/Reporting/Filters
    - KSCrashAblyFork/Reporting/Tools
  - KSCrashAblyFork/Reporting/Tools (1.15.8-ably-1):
    - KSCrashAblyFork/Recording
  - msgpack (0.1.8)
  - SocketRocket (0.5.1)

DEPENDENCIES:
  - Ably (= 1.0.4)

SPEC CHECKSUMS:
  Ably: bd558748b327967343d47c7499239ebce3c7944c
  KSCrashAblyFork: 6d0dd5b033710109a8fdde28103eeb0e7f9ba1f7
  msgpack: 97491d2ea799408f4694f2c7d7fd79baf77853dd
  SocketRocket: d57c7159b83c3c6655745cd15302aa24b6bae531

PODFILE CHECKSUM: b0e88f668991e1f477a344039c876de0a56ea710

COCOAPODS: 1.2.1
